{
  "version": 4,
  "terraform_version": "1.3.9",
  "serial": 47,
  "lineage": "aa375408-ae51-bfb8-e4ed-07baee343589",
  "outputs": {
    "cluster_arn": {
      "value": "arn:aws:eks:us-east-2:116839935550:cluster/test-app-cluster",
      "type": "string"
    },
    "cluster_endpoint": {
      "value": "https://5317B0C92412BE63C9878053A6F86B1B.gr7.us-east-2.eks.amazonaws.com",
      "type": "string"
    },
    "cluster_id": {
      "value": "test-app-cluster",
      "type": "string"
    },
    "db_instance_address": {
      "value": "test-app-cluster-wopi-db.czy2oso2mrpa.us-east-2.rds.amazonaws.com",
      "type": "string"
    },
    "db_instance_endpoint": {
      "value": "test-app-cluster-wopi-db.czy2oso2mrpa.us-east-2.rds.amazonaws.com:1433",
      "type": "string"
    },
    "db_instance_port": {
      "value": 1433,
      "type": "number"
    },
    "redis_connection_string": {
      "value": "test-app-cluster-redis.65pjak.ng.0001.use2.cache.amazonaws.com:6379",
      "type": "string"
    },
    "redis_primary_endpoint": {
      "value": "test-app-cluster-redis.65pjak.ng.0001.use2.cache.amazonaws.com",
      "type": "string"
    }
  },
  "resources": [
    {
      "module": "module.eks",
      "mode": "managed",
      "type": "null_resource",
      "name": "update_kubeconfig",
      "provider": "provider[\"registry.terraform.io/hashicorp/null\"]",
      "instances": [
        {
          "schema_version": 0,
          "attributes": {
            "id": "1187243883055199588",
            "triggers": {
              "aws_region": "us-east-2",
              "cluster_endpoint": "https://5317B0C92412BE63C9878053A6F86B1B.gr7.us-east-2.eks.amazonaws.com",
              "cluster_name": "test-app-cluster"
            }
          },
          "sensitive_attributes": [],
          "dependencies": [
            "module.eks.module.eks.aws_cloudwatch_log_group.eks_cluster",
            "module.eks.module.eks.aws_ec2_tag.private_subnet_elb",
            "module.eks.module.eks.aws_eks_access_entry.terraform_user",
            "module.eks.module.eks.aws_eks_access_policy_association.terraform_user_admin",
            "module.eks.module.eks.aws_eks_cluster.eks_cluster",
            "module.eks.module.eks.aws_iam_instance_profile.eks_node_profile",
            "module.eks.module.eks.aws_iam_role.eks_auto_node_role",
            "module.eks.module.eks.aws_iam_role.eks_cluster_role",
            "module.eks.module.eks.aws_iam_role_policy_attachment.eks_auto_node_policies",
            "module.eks.module.eks.aws_iam_role_policy_attachment.eks_cluster_policies",
            "module.eks.module.eks.aws_kms_alias.eks_encryption_key_alias",
            "module.eks.module.eks.aws_kms_key.eks_encryption_key",
            "module.eks.module.eks.aws_security_group.eks_cp_sg",
            "module.eks.module.eks.aws_security_group.eks_node_sg",
            "module.eks.module.eks.aws_security_group_rule.cp_ingress_nodes_api",
            "module.eks.module.eks.aws_security_group_rule.cp_ingress_nodes_dns_tcp",
            "module.eks.module.eks.aws_security_group_rule.cp_ingress_nodes_dns_udp",
            "module.eks.module.eks.aws_security_group_rule.node_ingress_cp_api",
            "module.eks.module.eks.aws_security_group_rule.node_ingress_cp_dns_tcp",
            "module.eks.module.eks.aws_security_group_rule.node_ingress_cp_dns_udp",
            "module.eks.module.eks.aws_security_group_rule.node_self_ingress",
            "module.eks.module.eks.data.aws_caller_identity.current",
            "module.eks.module.eks.data.aws_iam_policy_document.eks_auto_node_assume",
            "module.eks.module.eks.data.aws_iam_policy_document.eks_cluster_assume",
            "module.eks.module.eks.data.aws_iam_session_context.current",
            "module.eks.module.eks.data.aws_region.current"
          ]
        }
      ]
    },
    {
      "module": "module.eks.module.eks",
      "mode": "data",
      "type": "aws_caller_identity",
      "name": "current",
      "provider": "module.eks.module.eks.provider[\"registry.terraform.io/hashicorp/aws\"]",
      "instances": [
        {
          "schema_version": 0,
          "attributes": {
            "account_id": "116839935550",
            "arn": "arn:aws:sts::116839935550:assumed-role/AWSReservedSSO_AWSAdministratorAccess_80d2fe23d6aa0dbe/Ikechukwu.Nnabuife@hyland.com",
            "id": "116839935550",
            "user_id": "AROARWNBT5Y7PSZDFGI2G:Ikechukwu.Nnabuife@hyland.com"
          },
          "sensitive_attributes": []
        }
      ]
    },
    {
      "module": "module.eks.module.eks",
      "mode": "data",
      "type": "aws_iam_policy_document",
      "name": "eks_auto_node_assume",
      "provider": "module.eks.module.eks.provider[\"registry.terraform.io/hashicorp/aws\"]",
      "instances": [
        {
          "schema_version": 0,
          "attributes": {
            "id": "2851119427",
            "json": "{\n  \"Version\": \"2012-10-17\",\n  \"Statement\": [\n    {\n      \"Effect\": \"Allow\",\n      \"Action\": \"sts:AssumeRole\",\n      \"Principal\": {\n        \"Service\": \"ec2.amazonaws.com\"\n      }\n    }\n  ]\n}",
            "minified_json": "{\"Version\":\"2012-10-17\",\"Statement\":[{\"Effect\":\"Allow\",\"Action\":\"sts:AssumeRole\",\"Principal\":{\"Service\":\"ec2.amazonaws.com\"}}]}",
            "override_json": null,
            "override_policy_documents": null,
            "policy_id": null,
            "source_json": null,
            "source_policy_documents": null,
            "statement": [
              {
                "actions": [
                  "sts:AssumeRole"
                ],
                "condition": [],
                "effect": "Allow",
                "not_actions": [],
                "not_principals": [],
                "not_resources": [],
                "principals": [
                  {
                    "identifiers": [
                      "ec2.amazonaws.com"
                    ],
                    "type": "Service"
                  }
                ],
                "resources": [],
                "sid": ""
              }
            ],
            "version": "2012-10-17"
          },
          "sensitive_attributes": []
        }
      ]
    },
    {
      "module": "module.eks.module.eks",
      "mode": "data",
      "type": "aws_iam_policy_document",
      "name": "eks_cluster_assume",
      "provider": "module.eks.module.eks.provider[\"registry.terraform.io/hashicorp/aws\"]",
      "instances": [
        {
          "schema_version": 0,
          "attributes": {
            "id": "1029077455",
            "json": "{\n  \"Version\": \"2012-10-17\",\n  \"Statement\": [\n    {\n      \"Effect\": \"Allow\",\n      \"Action\": [\n        \"sts:TagSession\",\n        \"sts:AssumeRole\"\n      ],\n      \"Principal\": {\n        \"Service\": \"eks.amazonaws.com\"\n      }\n    }\n  ]\n}",
            "minified_json": "{\"Version\":\"2012-10-17\",\"Statement\":[{\"Effect\":\"Allow\",\"Action\":[\"sts:TagSession\",\"sts:AssumeRole\"],\"Principal\":{\"Service\":\"eks.amazonaws.com\"}}]}",
            "override_json": null,
            "override_policy_documents": null,
            "policy_id": null,
            "source_json": null,
            "source_policy_documents": null,
            "statement": [
              {
                "actions": [
                  "sts:AssumeRole",
                  "sts:TagSession"
                ],
                "condition": [],
                "effect": "Allow",
                "not_actions": [],
                "not_principals": [],
                "not_resources": [],
                "principals": [
                  {
                    "identifiers": [
                      "eks.amazonaws.com"
                    ],
                    "type": "Service"
                  }
                ],
                "resources": [],
                "sid": ""
              }
            ],
            "version": "2012-10-17"
          },
          "sensitive_attributes": []
        }
      ]
    },
    {
      "module": "module.eks.module.eks",
      "mode": "data",
      "type": "aws_iam_session_context",
      "name": "current",
      "provider": "module.eks.module.eks.provider[\"registry.terraform.io/hashicorp/aws\"]",
      "instances": [
        {
          "schema_version": 0,
          "attributes": {
            "arn": "arn:aws:sts::116839935550:assumed-role/AWSReservedSSO_AWSAdministratorAccess_80d2fe23d6aa0dbe/Ikechukwu.Nnabuife@hyland.com",
            "id": "arn:aws:sts::116839935550:assumed-role/AWSReservedSSO_AWSAdministratorAccess_80d2fe23d6aa0dbe/Ikechukwu.Nnabuife@hyland.com",
            "issuer_arn": "arn:aws:iam::116839935550:role/aws-reserved/sso.amazonaws.com/us-east-2/AWSReservedSSO_AWSAdministratorAccess_80d2fe23d6aa0dbe",
            "issuer_id": "AROARWNBT5Y7PSZDFGI2G",
            "issuer_name": "AWSReservedSSO_AWSAdministratorAccess_80d2fe23d6aa0dbe",
            "session_name": "Ikechukwu.Nnabuife@hyland.com"
          },
          "sensitive_attributes": []
        }
      ]
    },
    {
      "module": "module.eks.module.eks",
      "mode": "data",
      "type": "aws_region",
      "name": "current",
      "provider": "module.eks.module.eks.provider[\"registry.terraform.io/hashicorp/aws\"]",
      "instances": [
        {
          "schema_version": 0,
          "attributes": {
            "description": "US East (Ohio)",
            "endpoint": "ec2.us-east-2.amazonaws.com",
            "id": "us-east-2",
            "name": "us-east-2"
          },
          "sensitive_attributes": []
        }
      ]
    },
    {
      "module": "module.eks.module.eks",
      "mode": "managed",
      "type": "aws_cloudwatch_log_group",
      "name": "eks_cluster",
      "provider": "module.eks.module.eks.provider[\"registry.terraform.io/hashicorp/aws\"]",
      "instances": [
        {
          "schema_version": 0,
          "attributes": {
            "arn": "arn:aws:logs:us-east-2:116839935550:log-group:/aws/eks/test-app-cluster/cluster",
            "id": "/aws/eks/test-app-cluster/cluster",
            "kms_key_id": "arn:aws:kms:us-east-2:116839935550:key/f36d37d9-ba93-4459-bbbe-1a929c5915bf",
            "log_group_class": "STANDARD",
            "name": "/aws/eks/test-app-cluster/cluster",
            "name_prefix": "",
            "retention_in_days": 14,
            "skip_destroy": false,
            "tags": {},
            "tags_all": {}
          },
          "sensitive_attributes": [],
          "private": "bnVsbA==",
          "dependencies": [
            "module.eks.module.eks.aws_kms_key.eks_encryption_key",
            "module.eks.module.eks.data.aws_caller_identity.current",
            "module.eks.module.eks.data.aws_region.current"
          ]
        }
      ]
    },
    {
      "module": "module.eks.module.eks",
      "mode": "managed",
      "type": "aws_ec2_tag",
      "name": "private_subnet_elb",
      "provider": "module.eks.module.eks.provider[\"registry.terraform.io/hashicorp/aws\"]",
      "instances": [
        {
          "index_key": "subnet-0291efa03f8c2438d",
          "schema_version": 0,
          "attributes": {
            "id": "subnet-0291efa03f8c2438d,kubernetes.io/role/internal-elb",
            "key": "kubernetes.io/role/internal-elb",
            "resource_id": "subnet-0291efa03f8c2438d",
            "value": "1"
          },
          "sensitive_attributes": [],
          "private": "bnVsbA=="
        },
        {
          "index_key": "subnet-048742a3c8dd5a91a",
          "schema_version": 0,
          "attributes": {
            "id": "subnet-048742a3c8dd5a91a,kubernetes.io/role/internal-elb",
            "key": "kubernetes.io/role/internal-elb",
            "resource_id": "subnet-048742a3c8dd5a91a",
            "value": "1"
          },
          "sensitive_attributes": [],
          "private": "bnVsbA=="
        }
      ]
    },
    {
      "module": "module.eks.module.eks",
      "mode": "managed",
      "type": "aws_eks_access_entry",
      "name": "terraform_user",
      "provider": "module.eks.module.eks.provider[\"registry.terraform.io/hashicorp/aws\"]",
      "instances": [
        {
          "schema_version": 0,
          "attributes": {
            "access_entry_arn": "arn:aws:eks:us-east-2:116839935550:access-entry/test-app-cluster/role/116839935550/AWSReservedSSO_AWSAdministratorAccess_80d2fe23d6aa0dbe/4cccff08-f5a8-8425-5640-aee77b445f09",
            "cluster_name": "test-app-cluster",
            "created_at": "2025-10-19T20:03:31Z",
            "id": "test-app-cluster:arn:aws:iam::116839935550:role/aws-reserved/sso.amazonaws.com/us-east-2/AWSReservedSSO_AWSAdministratorAccess_80d2fe23d6aa0dbe",
            "kubernetes_groups": [],
            "modified_at": "2025-10-19T20:03:31Z",
            "principal_arn": "arn:aws:iam::116839935550:role/aws-reserved/sso.amazonaws.com/us-east-2/AWSReservedSSO_AWSAdministratorAccess_80d2fe23d6aa0dbe",
            "tags": null,
            "tags_all": {},
            "timeouts": null,
            "type": "STANDARD",
            "user_name": "arn:aws:sts::116839935550:assumed-role/AWSReservedSSO_AWSAdministratorAccess_80d2fe23d6aa0dbe/{{SessionName}}"
          },
          "sensitive_attributes": [],
          "private": "eyJlMmJmYjczMC1lY2FhLTExZTYtOGY4OC0zNDM2M2JjN2M0YzAiOnsiY3JlYXRlIjo2MDAwMDAwMDAwMDAsImRlbGV0ZSI6NjAwMDAwMDAwMDAwfX0=",
          "dependencies": [
            "module.eks.module.eks.aws_cloudwatch_log_group.eks_cluster",
            "module.eks.module.eks.aws_ec2_tag.private_subnet_elb",
            "module.eks.module.eks.aws_eks_cluster.eks_cluster",
            "module.eks.module.eks.aws_iam_role.eks_auto_node_role",
            "module.eks.module.eks.aws_iam_role.eks_cluster_role",
            "module.eks.module.eks.aws_iam_role_policy_attachment.eks_cluster_policies",
            "module.eks.module.eks.aws_kms_key.eks_encryption_key",
            "module.eks.module.eks.aws_security_group.eks_cp_sg",
            "module.eks.module.eks.data.aws_iam_policy_document.eks_auto_node_assume",
            "module.eks.module.eks.data.aws_iam_policy_document.eks_cluster_assume",
            "module.eks.module.eks.data.aws_iam_session_context.current"
          ]
        }
      ]
    },
    {
      "module": "module.eks.module.eks",
      "mode": "managed",
      "type": "aws_eks_access_policy_association",
      "name": "terraform_user_admin",
      "provider": "module.eks.module.eks.provider[\"registry.terraform.io/hashicorp/aws\"]",
      "instances": [
        {
          "schema_version": 0,
          "attributes": {
            "access_scope": [
              {
                "namespaces": null,
                "type": "cluster"
              }
            ],
            "associated_at": "2025-10-19 20:03:31.996 +0000 UTC",
            "cluster_name": "test-app-cluster",
            "id": "test-app-cluster#arn:aws:iam::116839935550:role/aws-reserved/sso.amazonaws.com/us-east-2/AWSReservedSSO_AWSAdministratorAccess_80d2fe23d6aa0dbe#arn:aws:eks::aws:cluster-access-policy/AmazonEKSClusterAdminPolicy",
            "modified_at": "2025-10-19 20:03:31.996 +0000 UTC",
            "policy_arn": "arn:aws:eks::aws:cluster-access-policy/AmazonEKSClusterAdminPolicy",
            "principal_arn": "arn:aws:iam::116839935550:role/aws-reserved/sso.amazonaws.com/us-east-2/AWSReservedSSO_AWSAdministratorAccess_80d2fe23d6aa0dbe",
            "timeouts": null
          },
          "sensitive_attributes": [],
          "private": "eyJlMmJmYjczMC1lY2FhLTExZTYtOGY4OC0zNDM2M2JjN2M0YzAiOnsiY3JlYXRlIjo2MDAwMDAwMDAwMDAsImRlbGV0ZSI6NjAwMDAwMDAwMDAwfX0=",
          "dependencies": [
            "module.eks.module.eks.aws_cloudwatch_log_group.eks_cluster",
            "module.eks.module.eks.aws_ec2_tag.private_subnet_elb",
            "module.eks.module.eks.aws_eks_access_entry.terraform_user",
            "module.eks.module.eks.aws_eks_cluster.eks_cluster",
            "module.eks.module.eks.aws_iam_role.eks_auto_node_role",
            "module.eks.module.eks.aws_iam_role.eks_cluster_role",
            "module.eks.module.eks.aws_iam_role_policy_attachment.eks_cluster_policies",
            "module.eks.module.eks.aws_kms_key.eks_encryption_key",
            "module.eks.module.eks.aws_security_group.eks_cp_sg",
            "module.eks.module.eks.data.aws_iam_policy_document.eks_auto_node_assume",
            "module.eks.module.eks.data.aws_iam_policy_document.eks_cluster_assume",
            "module.eks.module.eks.data.aws_iam_session_context.current"
          ]
        }
      ]
    },
    {
      "module": "module.eks.module.eks",
      "mode": "managed",
      "type": "aws_eks_cluster",
      "name": "eks_cluster",
      "provider": "module.eks.module.eks.provider[\"registry.terraform.io/hashicorp/aws\"]",
      "instances": [
        {
          "schema_version": 1,
          "attributes": {
            "access_config": [
              {
                "authentication_mode": "API_AND_CONFIG_MAP",
                "bootstrap_cluster_creator_admin_permissions": false
              }
            ],
            "arn": "arn:aws:eks:us-east-2:116839935550:cluster/test-app-cluster",
            "bootstrap_self_managed_addons": false,
            "certificate_authority": [
              {
                "data": "LS0tLS1CRUdJTiBDRVJUSUZJQ0FURS0tLS0tCk1JSURCVENDQWUyZ0F3SUJBZ0lJYy9MZjErbGw3OW93RFFZSktvWklodmNOQVFFTEJRQXdGVEVUTUJFR0ExVUUKQXhNS2EzVmlaWEp1WlhSbGN6QWVGdzB5TlRFd01Ua3hPVFV6TlRGYUZ3MHpOVEV3TVRjeE9UVTROVEZhTUJVeApFekFSQmdOVkJBTVRDbXQxWW1WeWJtVjBaWE13Z2dFaU1BMEdDU3FHU0liM0RRRUJBUVVBQTRJQkR3QXdnZ0VLCkFvSUJBUURZWXY3TzJoQmNMOURSc1UrMFZVWW1FS01yL2s2Tkdtd0plZy9KNWxHeXJTdDR6VnNkbHQ1MTFQeDEKaFRHK3J3SUtsVVdJV1c4bnMxVmxkNEtlb0gwNmlXTUV4NVFmd3RtbjFXS2lmVkhqdkRJcTV5NXc3TzZaeFlIWgo4ZkIraUF5K0ZWdERVdUd0dGR0bFpFaVc0SS9QU0tyWFVMVitvWXo4S0JDUWNBMXFZNVJ5S1FFY0NobnB4Y08vClY1cHNKQWVqc1ZjWHpocnVwYUF0dkhuVmNjNkNsK2xpRWhCVy9aRnh6TEpjeGtuR29DaXVZaCtQdHNjYm0xaTEKS1RTZ1MvMS9pdk91czA3YTR5aWlXVG96cmRjaXRVTGdVVGVJaENRRzhMc3dWRUEydWVEbGdPS3FCcHNmdXYzeApac0dyd0syMTVXekJKVjg4dkRRVXcvdmJtdzUzQWdNQkFBR2pXVEJYTUE0R0ExVWREd0VCL3dRRUF3SUNwREFQCkJnTlZIUk1CQWY4RUJUQURBUUgvTUIwR0ExVWREZ1FXQkJUMjVmSmtocFlxU2tQRnAzMktVa3BBcDdzcnlqQVYKQmdOVkhSRUVEakFNZ2dwcmRXSmxjbTVsZEdWek1BMEdDU3FHU0liM0RRRUJDd1VBQTRJQkFRQjlDeVB3V3NKYwoySFVzQjE5WHNzTzNsRXRnL20rRE1DU3JQa2Q3OTNvbGE4NUY0L0RUNUgxeCtFRG1QNzJNVGFIdW11QW81K3R2CkhzM2grZ0hENHpzMitrendETHFJbW1iVWUybDMvaGMzcWZ2b3F0dHFDTmlJR3ZyVGNramt2WHZRZ0sxZWRoV04KaGxCU1JGV2NZTHJjN2t2V3BReThEdUFtUHlmYmVLMWpkSTdUVDNHUUREVHpEVENPY3VlY2RuQzVZQjh4RkZ2ZwpIdEw0NFdyeEx0aTNjdC9kV1pKWk53ZDlnNCt3cTVUbko4SHVSV3hEWm1jU202bmR1L0JLRW9rckdERUl2N2J2CjIzTGpiQTlVU3p6Wk1saVE3T29ybHRzdjJvYktlSEZpKzFsK3BUVG5LejdVVWpnQlY0RGczVVlBS3hkb2loVlkKemRveitTanF4Y2RyCi0tLS0tRU5EIENFUlRJRklDQVRFLS0tLS0K"
              }
            ],
            "cluster_id": null,
            "compute_config": [
              {
                "enabled": true,
                "node_pools": [
                  "general-purpose"
                ],
                "node_role_arn": "arn:aws:iam::116839935550:role/test-app-cluster-eks-auto-node-role"
              }
            ],
            "created_at": "2025-10-19T19:53:16Z",
            "enabled_cluster_log_types": [
              "api",
              "audit",
              "authenticator",
              "controllerManager",
              "scheduler"
            ],
            "encryption_config": [
              {
                "provider": [
                  {
                    "key_arn": "arn:aws:kms:us-east-2:116839935550:key/f36d37d9-ba93-4459-bbbe-1a929c5915bf"
                  }
                ],
                "resources": [
                  "secrets"
                ]
              }
            ],
            "endpoint": "https://5317B0C92412BE63C9878053A6F86B1B.gr7.us-east-2.eks.amazonaws.com",
            "force_update_version": null,
            "id": "test-app-cluster",
            "identity": [
              {
                "oidc": [
                  {
                    "issuer": "https://oidc.eks.us-east-2.amazonaws.com/id/5317B0C92412BE63C9878053A6F86B1B"
                  }
                ]
              }
            ],
            "kubernetes_network_config": [
              {
                "elastic_load_balancing": [
                  {
                    "enabled": true
                  }
                ],
                "ip_family": "ipv4",
                "service_ipv4_cidr": "172.20.0.0/16",
                "service_ipv6_cidr": ""
              }
            ],
            "name": "test-app-cluster",
            "outpost_config": [],
            "platform_version": "eks.18",
            "remote_network_config": [],
            "role_arn": "arn:aws:iam::116839935550:role/test-app-cluster-eks-cluster-role",
            "status": "ACTIVE",
            "storage_config": [
              {
                "block_storage": [
                  {
                    "enabled": true
                  }
                ]
              }
            ],
            "tags": null,
            "tags_all": {},
            "timeouts": null,
            "upgrade_policy": [
              {
                "support_type": "EXTENDED"
              }
            ],
            "version": "1.33",
            "vpc_config": [
              {
                "cluster_security_group_id": "sg-0a6f317055ad64741",
                "endpoint_private_access": true,
                "endpoint_public_access": true,
                "public_access_cidrs": [
                  "0.0.0.0/0"
                ],
                "security_group_ids": [
                  "sg-09cf5cdf33d0ba5b4"
                ],
                "subnet_ids": [
                  "subnet-0291efa03f8c2438d",
                  "subnet-048742a3c8dd5a91a"
                ],
                "vpc_id": "vpc-0904869f7d4019d18"
              }
            ],
            "zonal_shift_config": []
          },
          "sensitive_attributes": [],
          "private": "eyJlMmJmYjczMC1lY2FhLTExZTYtOGY4OC0zNDM2M2JjN2M0YzAiOnsiY3JlYXRlIjoxODAwMDAwMDAwMDAwLCJkZWxldGUiOjkwMDAwMDAwMDAwMCwidXBkYXRlIjozNjAwMDAwMDAwMDAwfSwic2NoZW1hX3ZlcnNpb24iOiIxIn0=",
          "dependencies": [
            "module.eks.module.eks.aws_cloudwatch_log_group.eks_cluster",
            "module.eks.module.eks.aws_ec2_tag.private_subnet_elb",
            "module.eks.module.eks.aws_iam_role.eks_auto_node_role",
            "module.eks.module.eks.aws_iam_role.eks_cluster_role",
            "module.eks.module.eks.aws_iam_role_policy_attachment.eks_cluster_policies",
            "module.eks.module.eks.aws_kms_key.eks_encryption_key",
            "module.eks.module.eks.aws_security_group.eks_cp_sg",
            "module.eks.module.eks.data.aws_iam_policy_document.eks_auto_node_assume",
            "module.eks.module.eks.data.aws_iam_policy_document.eks_cluster_assume"
          ]
        }
      ]
    },
    {
      "module": "module.eks.module.eks",
      "mode": "managed",
      "type": "aws_iam_instance_profile",
      "name": "eks_node_profile",
      "provider": "module.eks.module.eks.provider[\"registry.terraform.io/hashicorp/aws\"]",
      "instances": [
        {
          "schema_version": 0,
          "attributes": {
            "arn": "arn:aws:iam::116839935550:instance-profile/test-app-cluster-eks-auto-mode-node-profile",
            "create_date": "2025-10-19T19:53:13Z",
            "id": "test-app-cluster-eks-auto-mode-node-profile",
            "name": "test-app-cluster-eks-auto-mode-node-profile",
            "name_prefix": "",
            "path": "/",
            "role": "test-app-cluster-eks-auto-node-role",
            "tags": null,
            "tags_all": {},
            "unique_id": "AIPARWNBT5Y7PSFZA34CV"
          },
          "sensitive_attributes": [],
          "private": "bnVsbA==",
          "dependencies": [
            "module.eks.module.eks.aws_iam_role.eks_auto_node_role",
            "module.eks.module.eks.data.aws_iam_policy_document.eks_auto_node_assume"
          ]
        }
      ]
    },
    {
      "module": "module.eks.module.eks",
      "mode": "managed",
      "type": "aws_iam_role",
      "name": "eks_auto_node_role",
      "provider": "module.eks.module.eks.provider[\"registry.terraform.io/hashicorp/aws\"]",
      "instances": [
        {
          "schema_version": 0,
          "attributes": {
            "arn": "arn:aws:iam::116839935550:role/test-app-cluster-eks-auto-node-role",
            "assume_role_policy": "{\"Statement\":[{\"Action\":\"sts:AssumeRole\",\"Effect\":\"Allow\",\"Principal\":{\"Service\":\"ec2.amazonaws.com\"}}],\"Version\":\"2012-10-17\"}",
            "create_date": "2025-10-19T19:53:13Z",
            "description": "",
            "force_detach_policies": false,
            "id": "test-app-cluster-eks-auto-node-role",
            "inline_policy": [],
            "managed_policy_arns": [],
            "max_session_duration": 3600,
            "name": "test-app-cluster-eks-auto-node-role",
            "name_prefix": "",
            "path": "/",
            "permissions_boundary": "",
            "tags": {
              "kubernetes.io/cluster/test-app-cluster": "owned"
            },
            "tags_all": {
              "kubernetes.io/cluster/test-app-cluster": "owned"
            },
            "unique_id": "AROARWNBT5Y7D2GAJMUOZ"
          },
          "sensitive_attributes": [],
          "private": "bnVsbA==",
          "dependencies": [
            "module.eks.module.eks.data.aws_iam_policy_document.eks_auto_node_assume"
          ]
        }
      ]
    },
    {
      "module": "module.eks.module.eks",
      "mode": "managed",
      "type": "aws_iam_role",
      "name": "eks_cluster_role",
      "provider": "module.eks.module.eks.provider[\"registry.terraform.io/hashicorp/aws\"]",
      "instances": [
        {
          "schema_version": 0,
          "attributes": {
            "arn": "arn:aws:iam::116839935550:role/test-app-cluster-eks-cluster-role",
            "assume_role_policy": "{\"Statement\":[{\"Action\":[\"sts:TagSession\",\"sts:AssumeRole\"],\"Effect\":\"Allow\",\"Principal\":{\"Service\":\"eks.amazonaws.com\"}}],\"Version\":\"2012-10-17\"}",
            "create_date": "2025-10-19T19:53:13Z",
            "description": "",
            "force_detach_policies": false,
            "id": "test-app-cluster-eks-cluster-role",
            "inline_policy": [],
            "managed_policy_arns": [],
            "max_session_duration": 3600,
            "name": "test-app-cluster-eks-cluster-role",
            "name_prefix": "",
            "path": "/",
            "permissions_boundary": "",
            "tags": null,
            "tags_all": {},
            "unique_id": "AROARWNBT5Y7EHOD7HVWQ"
          },
          "sensitive_attributes": [],
          "private": "bnVsbA==",
          "dependencies": [
            "module.eks.module.eks.data.aws_iam_policy_document.eks_cluster_assume"
          ]
        }
      ]
    },
    {
      "module": "module.eks.module.eks",
      "mode": "managed",
      "type": "aws_iam_role_policy_attachment",
      "name": "eks_auto_node_policies",
      "provider": "module.eks.module.eks.provider[\"registry.terraform.io/hashicorp/aws\"]",
      "instances": [
        {
          "index_key": "cni_policy",
          "schema_version": 0,
          "attributes": {
            "id": "test-app-cluster-eks-auto-node-role-20251019195313863200000004",
            "policy_arn": "arn:aws:iam::aws:policy/AmazonEKS_CNI_Policy",
            "role": "test-app-cluster-eks-auto-node-role"
          },
          "sensitive_attributes": [],
          "private": "bnVsbA==",
          "dependencies": [
            "module.eks.module.eks.aws_iam_role.eks_auto_node_role",
            "module.eks.module.eks.data.aws_iam_policy_document.eks_auto_node_assume"
          ]
        },
        {
          "index_key": "ecr_policy",
          "schema_version": 0,
          "attributes": {
            "id": "test-app-cluster-eks-auto-node-role-20251019195313903500000008",
            "policy_arn": "arn:aws:iam::aws:policy/AmazonEC2ContainerRegistryReadOnly",
            "role": "test-app-cluster-eks-auto-node-role"
          },
          "sensitive_attributes": [],
          "private": "bnVsbA==",
          "dependencies": [
            "module.eks.module.eks.aws_iam_role.eks_auto_node_role",
            "module.eks.module.eks.data.aws_iam_policy_document.eks_auto_node_assume"
          ]
        },
        {
          "index_key": "ssm_policy",
          "schema_version": 0,
          "attributes": {
            "id": "test-app-cluster-eks-auto-node-role-20251019195313713800000002",
            "policy_arn": "arn:aws:iam::aws:policy/AmazonSSMManagedInstanceCore",
            "role": "test-app-cluster-eks-auto-node-role"
          },
          "sensitive_attributes": [],
          "private": "bnVsbA==",
          "dependencies": [
            "module.eks.module.eks.aws_iam_role.eks_auto_node_role",
            "module.eks.module.eks.data.aws_iam_policy_document.eks_auto_node_assume"
          ]
        },
        {
          "index_key": "worker_policy",
          "schema_version": 0,
          "attributes": {
            "id": "test-app-cluster-eks-auto-node-role-20251019195313881500000006",
            "policy_arn": "arn:aws:iam::aws:policy/AmazonEKSWorkerNodePolicy",
            "role": "test-app-cluster-eks-auto-node-role"
          },
          "sensitive_attributes": [],
          "private": "bnVsbA==",
          "dependencies": [
            "module.eks.module.eks.aws_iam_role.eks_auto_node_role",
            "module.eks.module.eks.data.aws_iam_policy_document.eks_auto_node_assume"
          ]
        }
      ]
    },
    {
      "module": "module.eks.module.eks",
      "mode": "managed",
      "type": "aws_iam_role_policy_attachment",
      "name": "eks_cluster_policies",
      "provider": "module.eks.module.eks.provider[\"registry.terraform.io/hashicorp/aws\"]",
      "instances": [
        {
          "index_key": "eks_block_storage_policy",
          "schema_version": 0,
          "attributes": {
            "id": "test-app-cluster-eks-cluster-role-20251019195313841400000003",
            "policy_arn": "arn:aws:iam::aws:policy/AmazonEKSBlockStoragePolicy",
            "role": "test-app-cluster-eks-cluster-role"
          },
          "sensitive_attributes": [],
          "private": "bnVsbA==",
          "dependencies": [
            "module.eks.module.eks.aws_iam_role.eks_cluster_role",
            "module.eks.module.eks.data.aws_iam_policy_document.eks_cluster_assume"
          ]
        },
        {
          "index_key": "eks_cluster_policy",
          "schema_version": 0,
          "attributes": {
            "id": "test-app-cluster-eks-cluster-role-20251019195313902000000007",
            "policy_arn": "arn:aws:iam::aws:policy/AmazonEKSClusterPolicy",
            "role": "test-app-cluster-eks-cluster-role"
          },
          "sensitive_attributes": [],
          "private": "bnVsbA==",
          "dependencies": [
            "module.eks.module.eks.aws_iam_role.eks_cluster_role",
            "module.eks.module.eks.data.aws_iam_policy_document.eks_cluster_assume"
          ]
        },
        {
          "index_key": "eks_compute_policy",
          "schema_version": 0,
          "attributes": {
            "id": "test-app-cluster-eks-cluster-role-20251019195313903500000009",
            "policy_arn": "arn:aws:iam::aws:policy/AmazonEKSComputePolicy",
            "role": "test-app-cluster-eks-cluster-role"
          },
          "sensitive_attributes": [],
          "private": "bnVsbA==",
          "dependencies": [
            "module.eks.module.eks.aws_iam_role.eks_cluster_role",
            "module.eks.module.eks.data.aws_iam_policy_document.eks_cluster_assume"
          ]
        },
        {
          "index_key": "eks_load_balancing_policy",
          "schema_version": 0,
          "attributes": {
            "id": "test-app-cluster-eks-cluster-role-2025101919531397750000000a",
            "policy_arn": "arn:aws:iam::aws:policy/AmazonEKSLoadBalancingPolicy",
            "role": "test-app-cluster-eks-cluster-role"
          },
          "sensitive_attributes": [],
          "private": "bnVsbA==",
          "dependencies": [
            "module.eks.module.eks.aws_iam_role.eks_cluster_role",
            "module.eks.module.eks.data.aws_iam_policy_document.eks_cluster_assume"
          ]
        },
        {
          "index_key": "eks_networking_policy",
          "schema_version": 0,
          "attributes": {
            "id": "test-app-cluster-eks-cluster-role-20251019195313700600000001",
            "policy_arn": "arn:aws:iam::aws:policy/AmazonEKSNetworkingPolicy",
            "role": "test-app-cluster-eks-cluster-role"
          },
          "sensitive_attributes": [],
          "private": "bnVsbA==",
          "dependencies": [
            "module.eks.module.eks.aws_iam_role.eks_cluster_role",
            "module.eks.module.eks.data.aws_iam_policy_document.eks_cluster_assume"
          ]
        },
        {
          "index_key": "eks_vpc_controller",
          "schema_version": 0,
          "attributes": {
            "id": "test-app-cluster-eks-cluster-role-20251019195313869800000005",
            "policy_arn": "arn:aws:iam::aws:policy/AmazonEKSVPCResourceController",
            "role": "test-app-cluster-eks-cluster-role"
          },
          "sensitive_attributes": [],
          "private": "bnVsbA==",
          "dependencies": [
            "module.eks.module.eks.aws_iam_role.eks_cluster_role",
            "module.eks.module.eks.data.aws_iam_policy_document.eks_cluster_assume"
          ]
        }
      ]
    },
    {
      "module": "module.eks.module.eks",
      "mode": "managed",
      "type": "aws_kms_alias",
      "name": "eks_encryption_key_alias",
      "provider": "module.eks.module.eks.provider[\"registry.terraform.io/hashicorp/aws\"]",
      "instances": [
        {
          "schema_version": 0,
          "attributes": {
            "arn": "arn:aws:kms:us-east-2:116839935550:alias/test-app-cluster-eks-encryption-key",
            "id": "alias/test-app-cluster-eks-encryption-key",
            "name": "alias/test-app-cluster-eks-encryption-key",
            "name_prefix": "",
            "target_key_arn": "arn:aws:kms:us-east-2:116839935550:key/f36d37d9-ba93-4459-bbbe-1a929c5915bf",
            "target_key_id": "f36d37d9-ba93-4459-bbbe-1a929c5915bf"
          },
          "sensitive_attributes": [],
          "private": "bnVsbA==",
          "dependencies": [
            "module.eks.module.eks.aws_kms_key.eks_encryption_key",
            "module.eks.module.eks.data.aws_caller_identity.current",
            "module.eks.module.eks.data.aws_region.current"
          ]
        }
      ]
    },
    {
      "module": "module.eks.module.eks",
      "mode": "managed",
      "type": "aws_kms_key",
      "name": "eks_encryption_key",
      "provider": "module.eks.module.eks.provider[\"registry.terraform.io/hashicorp/aws\"]",
      "instances": [
        {
          "schema_version": 0,
          "attributes": {
            "arn": "arn:aws:kms:us-east-2:116839935550:key/f36d37d9-ba93-4459-bbbe-1a929c5915bf",
            "bypass_policy_lockout_safety_check": false,
            "custom_key_store_id": "",
            "customer_master_key_spec": "SYMMETRIC_DEFAULT",
            "deletion_window_in_days": 7,
            "description": "KMS key for EKS cluster test-app-cluster encryption",
            "enable_key_rotation": true,
            "id": "f36d37d9-ba93-4459-bbbe-1a929c5915bf",
            "is_enabled": true,
            "key_id": "f36d37d9-ba93-4459-bbbe-1a929c5915bf",
            "key_usage": "ENCRYPT_DECRYPT",
            "multi_region": false,
            "policy": "{\"Statement\":[{\"Action\":\"kms:*\",\"Effect\":\"Allow\",\"Principal\":{\"AWS\":\"arn:aws:iam::116839935550:root\"},\"Resource\":\"*\",\"Sid\":\"Enable IAM User Permissions\"},{\"Action\":[\"kms:Encrypt\",\"kms:Decrypt\",\"kms:ReEncrypt*\",\"kms:GenerateDataKey*\",\"kms:DescribeKey\"],\"Effect\":\"Allow\",\"Principal\":{\"Service\":\"eks.amazonaws.com\"},\"Resource\":\"*\",\"Sid\":\"Allow EKS service to use the key\"},{\"Action\":[\"kms:Encrypt\",\"kms:Decrypt\",\"kms:ReEncrypt*\",\"kms:GenerateDataKey*\",\"kms:DescribeKey\"],\"Condition\":{\"ArnLike\":{\"kms:EncryptionContext:aws:logs:arn\":\"arn:aws:logs:us-east-2:116839935550:*\"}},\"Effect\":\"Allow\",\"Principal\":{\"Service\":\"logs.amazonaws.com\"},\"Resource\":\"*\",\"Sid\":\"Allow CloudWatch Logs to use the key\"}],\"Version\":\"2012-10-17\"}",
            "rotation_period_in_days": 365,
            "tags": {},
            "tags_all": {},
            "timeouts": null,
            "xks_key_id": ""
          },
          "sensitive_attributes": [],
          "private": "eyJlMmJmYjczMC1lY2FhLTExZTYtOGY4OC0zNDM2M2JjN2M0YzAiOnsiY3JlYXRlIjoxMjAwMDAwMDAwMDB9fQ==",
          "dependencies": [
            "module.eks.module.eks.data.aws_caller_identity.current",
            "module.eks.module.eks.data.aws_region.current"
          ]
        }
      ]
    },
    {
      "module": "module.eks.module.eks",
      "mode": "managed",
      "type": "aws_security_group",
      "name": "eks_cp_sg",
      "provider": "module.eks.module.eks.provider[\"registry.terraform.io/hashicorp/aws\"]",
      "instances": [
        {
          "schema_version": 1,
          "attributes": {
            "arn": "arn:aws:ec2:us-east-2:116839935550:security-group/sg-09cf5cdf33d0ba5b4",
            "description": "EKS control plane",
            "egress": [
              {
                "cidr_blocks": [
                  "0.0.0.0/0"
                ],
                "description": "Required for managed EKS control plane",
                "from_port": 0,
                "ipv6_cidr_blocks": [],
                "prefix_list_ids": [],
                "protocol": "-1",
                "security_groups": [],
                "self": false,
                "to_port": 0
              }
            ],
            "id": "sg-09cf5cdf33d0ba5b4",
            "ingress": [
              {
                "cidr_blocks": [],
                "description": "Allow worker nodes to reach API server",
                "from_port": 443,
                "ipv6_cidr_blocks": [],
                "prefix_list_ids": [],
                "protocol": "tcp",
                "security_groups": [
                  "sg-09a1a1eec93f617a1"
                ],
                "self": false,
                "to_port": 443
              },
              {
                "cidr_blocks": [],
                "description": "Nodes to Cluster DNS (TCP)",
                "from_port": 53,
                "ipv6_cidr_blocks": [],
                "prefix_list_ids": [],
                "protocol": "tcp",
                "security_groups": [
                  "sg-09a1a1eec93f617a1"
                ],
                "self": false,
                "to_port": 53
              },
              {
                "cidr_blocks": [],
                "description": "Nodes to Cluster DNS (UDP)",
                "from_port": 53,
                "ipv6_cidr_blocks": [],
                "prefix_list_ids": [],
                "protocol": "udp",
                "security_groups": [
                  "sg-09a1a1eec93f617a1"
                ],
                "self": false,
                "to_port": 53
              }
            ],
            "name": "test-app-cluster-cp-sg",
            "name_prefix": "",
            "owner_id": "116839935550",
            "revoke_rules_on_delete": false,
            "tags": {
              "Name": "test-app-cluster-cp-sg"
            },
            "tags_all": {
              "Name": "test-app-cluster-cp-sg"
            },
            "timeouts": null,
            "vpc_id": "vpc-0904869f7d4019d18"
          },
          "sensitive_attributes": [],
          "private": "eyJlMmJmYjczMC1lY2FhLTExZTYtOGY4OC0zNDM2M2JjN2M0YzAiOnsiY3JlYXRlIjo2MDAwMDAwMDAwMDAsImRlbGV0ZSI6OTAwMDAwMDAwMDAwfSwic2NoZW1hX3ZlcnNpb24iOiIxIn0="
        }
      ]
    },
    {
      "module": "module.eks.module.eks",
      "mode": "managed",
      "type": "aws_security_group",
      "name": "eks_node_sg",
      "provider": "module.eks.module.eks.provider[\"registry.terraform.io/hashicorp/aws\"]",
      "instances": [
        {
          "schema_version": 1,
          "attributes": {
            "arn": "arn:aws:ec2:us-east-2:116839935550:security-group/sg-09a1a1eec93f617a1",
            "description": "EKS worker nodes",
            "egress": [
              {
                "cidr_blocks": [
                  "0.0.0.0/0"
                ],
                "description": "Required for managed EKS nodes",
                "from_port": 0,
                "ipv6_cidr_blocks": [],
                "prefix_list_ids": [],
                "protocol": "-1",
                "security_groups": [],
                "self": false,
                "to_port": 0
              }
            ],
            "id": "sg-09a1a1eec93f617a1",
            "ingress": [
              {
                "cidr_blocks": [],
                "description": "API server to nodes (all TCP)",
                "from_port": 0,
                "ipv6_cidr_blocks": [],
                "prefix_list_ids": [],
                "protocol": "tcp",
                "security_groups": [
                  "sg-09cf5cdf33d0ba5b4"
                ],
                "self": false,
                "to_port": 65535
              },
              {
                "cidr_blocks": [],
                "description": "Cluster to nodes DNS (TCP)",
                "from_port": 53,
                "ipv6_cidr_blocks": [],
                "prefix_list_ids": [],
                "protocol": "tcp",
                "security_groups": [
                  "sg-09cf5cdf33d0ba5b4"
                ],
                "self": false,
                "to_port": 53
              },
              {
                "cidr_blocks": [],
                "description": "Cluster to nodes DNS (UDP)",
                "from_port": 53,
                "ipv6_cidr_blocks": [],
                "prefix_list_ids": [],
                "protocol": "udp",
                "security_groups": [
                  "sg-09cf5cdf33d0ba5b4"
                ],
                "self": false,
                "to_port": 53
              },
              {
                "cidr_blocks": [],
                "description": "Full mesh among worker nodes",
                "from_port": 0,
                "ipv6_cidr_blocks": [],
                "prefix_list_ids": [],
                "protocol": "-1",
                "security_groups": [],
                "self": true,
                "to_port": 0
              }
            ],
            "name": "test-app-cluster-node-sg",
            "name_prefix": "",
            "owner_id": "116839935550",
            "revoke_rules_on_delete": false,
            "tags": {
              "Name": "test-app-cluster-node-sg"
            },
            "tags_all": {
              "Name": "test-app-cluster-node-sg"
            },
            "timeouts": null,
            "vpc_id": "vpc-0904869f7d4019d18"
          },
          "sensitive_attributes": [],
          "private": "eyJlMmJmYjczMC1lY2FhLTExZTYtOGY4OC0zNDM2M2JjN2M0YzAiOnsiY3JlYXRlIjo2MDAwMDAwMDAwMDAsImRlbGV0ZSI6OTAwMDAwMDAwMDAwfSwic2NoZW1hX3ZlcnNpb24iOiIxIn0="
        }
      ]
    },
    {
      "module": "module.eks.module.eks",
      "mode": "managed",
      "type": "aws_security_group_rule",
      "name": "cp_ingress_nodes_api",
      "provider": "module.eks.module.eks.provider[\"registry.terraform.io/hashicorp/aws\"]",
      "instances": [
        {
          "schema_version": 2,
          "attributes": {
            "cidr_blocks": null,
            "description": "Allow worker nodes to reach API server",
            "from_port": 443,
            "id": "sgrule-1162254163",
            "ipv6_cidr_blocks": null,
            "prefix_list_ids": null,
            "protocol": "tcp",
            "security_group_id": "sg-09cf5cdf33d0ba5b4",
            "security_group_rule_id": "sgr-0b9d540210bc3d559",
            "self": false,
            "source_security_group_id": "sg-09a1a1eec93f617a1",
            "timeouts": null,
            "to_port": 443,
            "type": "ingress"
          },
          "sensitive_attributes": [],
          "private": "eyJlMmJmYjczMC1lY2FhLTExZTYtOGY4OC0zNDM2M2JjN2M0YzAiOnsiY3JlYXRlIjozMDAwMDAwMDAwMDB9LCJzY2hlbWFfdmVyc2lvbiI6IjIifQ==",
          "dependencies": [
            "module.eks.module.eks.aws_security_group.eks_cp_sg",
            "module.eks.module.eks.aws_security_group.eks_node_sg"
          ]
        }
      ]
    },
    {
      "module": "module.eks.module.eks",
      "mode": "managed",
      "type": "aws_security_group_rule",
      "name": "cp_ingress_nodes_dns_tcp",
      "provider": "module.eks.module.eks.provider[\"registry.terraform.io/hashicorp/aws\"]",
      "instances": [
        {
          "schema_version": 2,
          "attributes": {
            "cidr_blocks": null,
            "description": "Nodes to Cluster DNS (TCP)",
            "from_port": 53,
            "id": "sgrule-1197220286",
            "ipv6_cidr_blocks": null,
            "prefix_list_ids": null,
            "protocol": "tcp",
            "security_group_id": "sg-09cf5cdf33d0ba5b4",
            "security_group_rule_id": "sgr-0fccc244afeb66f1e",
            "self": false,
            "source_security_group_id": "sg-09a1a1eec93f617a1",
            "timeouts": null,
            "to_port": 53,
            "type": "ingress"
          },
          "sensitive_attributes": [],
          "private": "eyJlMmJmYjczMC1lY2FhLTExZTYtOGY4OC0zNDM2M2JjN2M0YzAiOnsiY3JlYXRlIjozMDAwMDAwMDAwMDB9LCJzY2hlbWFfdmVyc2lvbiI6IjIifQ==",
          "dependencies": [
            "module.eks.module.eks.aws_security_group.eks_cp_sg",
            "module.eks.module.eks.aws_security_group.eks_node_sg"
          ]
        }
      ]
    },
    {
      "module": "module.eks.module.eks",
      "mode": "managed",
      "type": "aws_security_group_rule",
      "name": "cp_ingress_nodes_dns_udp",
      "provider": "module.eks.module.eks.provider[\"registry.terraform.io/hashicorp/aws\"]",
      "instances": [
        {
          "schema_version": 2,
          "attributes": {
            "cidr_blocks": null,
            "description": "Nodes to Cluster DNS (UDP)",
            "from_port": 53,
            "id": "sgrule-3808658001",
            "ipv6_cidr_blocks": null,
            "prefix_list_ids": null,
            "protocol": "udp",
            "security_group_id": "sg-09cf5cdf33d0ba5b4",
            "security_group_rule_id": "sgr-061524a400542ec38",
            "self": false,
            "source_security_group_id": "sg-09a1a1eec93f617a1",
            "timeouts": null,
            "to_port": 53,
            "type": "ingress"
          },
          "sensitive_attributes": [],
          "private": "eyJlMmJmYjczMC1lY2FhLTExZTYtOGY4OC0zNDM2M2JjN2M0YzAiOnsiY3JlYXRlIjozMDAwMDAwMDAwMDB9LCJzY2hlbWFfdmVyc2lvbiI6IjIifQ==",
          "dependencies": [
            "module.eks.module.eks.aws_security_group.eks_cp_sg",
            "module.eks.module.eks.aws_security_group.eks_node_sg"
          ]
        }
      ]
    },
    {
      "module": "module.eks.module.eks",
      "mode": "managed",
      "type": "aws_security_group_rule",
      "name": "node_ingress_cp_api",
      "provider": "module.eks.module.eks.provider[\"registry.terraform.io/hashicorp/aws\"]",
      "instances": [
        {
          "schema_version": 2,
          "attributes": {
            "cidr_blocks": null,
            "description": "API server to nodes (all TCP)",
            "from_port": 0,
            "id": "sgrule-2571147812",
            "ipv6_cidr_blocks": null,
            "prefix_list_ids": null,
            "protocol": "tcp",
            "security_group_id": "sg-09a1a1eec93f617a1",
            "security_group_rule_id": "sgr-049bb81e2b9a315e3",
            "self": false,
            "source_security_group_id": "sg-09cf5cdf33d0ba5b4",
            "timeouts": null,
            "to_port": 65535,
            "type": "ingress"
          },
          "sensitive_attributes": [],
          "private": "eyJlMmJmYjczMC1lY2FhLTExZTYtOGY4OC0zNDM2M2JjN2M0YzAiOnsiY3JlYXRlIjozMDAwMDAwMDAwMDB9LCJzY2hlbWFfdmVyc2lvbiI6IjIifQ==",
          "dependencies": [
            "module.eks.module.eks.aws_security_group.eks_cp_sg",
            "module.eks.module.eks.aws_security_group.eks_node_sg"
          ]
        }
      ]
    },
    {
      "module": "module.eks.module.eks",
      "mode": "managed",
      "type": "aws_security_group_rule",
      "name": "node_ingress_cp_dns_tcp",
      "provider": "module.eks.module.eks.provider[\"registry.terraform.io/hashicorp/aws\"]",
      "instances": [
        {
          "schema_version": 2,
          "attributes": {
            "cidr_blocks": null,
            "description": "Cluster to nodes DNS (TCP)",
            "from_port": 53,
            "id": "sgrule-2959775196",
            "ipv6_cidr_blocks": null,
            "prefix_list_ids": null,
            "protocol": "tcp",
            "security_group_id": "sg-09a1a1eec93f617a1",
            "security_group_rule_id": "sgr-0e32b4ef59187e4c9",
            "self": false,
            "source_security_group_id": "sg-09cf5cdf33d0ba5b4",
            "timeouts": null,
            "to_port": 53,
            "type": "ingress"
          },
          "sensitive_attributes": [],
          "private": "eyJlMmJmYjczMC1lY2FhLTExZTYtOGY4OC0zNDM2M2JjN2M0YzAiOnsiY3JlYXRlIjozMDAwMDAwMDAwMDB9LCJzY2hlbWFfdmVyc2lvbiI6IjIifQ==",
          "dependencies": [
            "module.eks.module.eks.aws_security_group.eks_cp_sg",
            "module.eks.module.eks.aws_security_group.eks_node_sg"
          ]
        }
      ]
    },
    {
      "module": "module.eks.module.eks",
      "mode": "managed",
      "type": "aws_security_group_rule",
      "name": "node_ingress_cp_dns_udp",
      "provider": "module.eks.module.eks.provider[\"registry.terraform.io/hashicorp/aws\"]",
      "instances": [
        {
          "schema_version": 2,
          "attributes": {
            "cidr_blocks": null,
            "description": "Cluster to nodes DNS (UDP)",
            "from_port": 53,
            "id": "sgrule-339031603",
            "ipv6_cidr_blocks": null,
            "prefix_list_ids": null,
            "protocol": "udp",
            "security_group_id": "sg-09a1a1eec93f617a1",
            "security_group_rule_id": "sgr-06620a804b7d839c0",
            "self": false,
            "source_security_group_id": "sg-09cf5cdf33d0ba5b4",
            "timeouts": null,
            "to_port": 53,
            "type": "ingress"
          },
          "sensitive_attributes": [],
          "private": "eyJlMmJmYjczMC1lY2FhLTExZTYtOGY4OC0zNDM2M2JjN2M0YzAiOnsiY3JlYXRlIjozMDAwMDAwMDAwMDB9LCJzY2hlbWFfdmVyc2lvbiI6IjIifQ==",
          "dependencies": [
            "module.eks.module.eks.aws_security_group.eks_cp_sg",
            "module.eks.module.eks.aws_security_group.eks_node_sg"
          ]
        }
      ]
    },
    {
      "module": "module.eks.module.eks",
      "mode": "managed",
      "type": "aws_security_group_rule",
      "name": "node_self_ingress",
      "provider": "module.eks.module.eks.provider[\"registry.terraform.io/hashicorp/aws\"]",
      "instances": [
        {
          "schema_version": 2,
          "attributes": {
            "cidr_blocks": null,
            "description": "Full mesh among worker nodes",
            "from_port": 0,
            "id": "sgrule-1949642865",
            "ipv6_cidr_blocks": null,
            "prefix_list_ids": null,
            "protocol": "-1",
            "security_group_id": "sg-09a1a1eec93f617a1",
            "security_group_rule_id": "sgr-014454e53f3d14708",
            "self": false,
            "source_security_group_id": "sg-09a1a1eec93f617a1",
            "timeouts": null,
            "to_port": 0,
            "type": "ingress"
          },
          "sensitive_attributes": [],
          "private": "eyJlMmJmYjczMC1lY2FhLTExZTYtOGY4OC0zNDM2M2JjN2M0YzAiOnsiY3JlYXRlIjozMDAwMDAwMDAwMDB9LCJzY2hlbWFfdmVyc2lvbiI6IjIifQ==",
          "dependencies": [
            "module.eks.module.eks.aws_security_group.eks_node_sg"
          ]
        }
      ]
    },
    {
      "module": "module.kubernetes",
      "mode": "data",
      "type": "aws_secretsmanager_secret_version",
      "name": "db_password",
      "provider": "provider[\"registry.terraform.io/hashicorp/aws\"]",
      "instances": [
        {
          "schema_version": 0,
          "attributes": {
            "arn": "arn:aws:secretsmanager:us-east-2:116839935550:secret:rds!db-272f33d8-c750-4a87-b240-1e9451bc2e96-uJpLZo",
            "created_date": "2025-10-19T20:15:03Z",
            "id": "arn:aws:secretsmanager:us-east-2:116839935550:secret:rds!db-272f33d8-c750-4a87-b240-1e9451bc2e96-uJpLZo|AWSCURRENT",
            "secret_binary": "",
            "secret_id": "arn:aws:secretsmanager:us-east-2:116839935550:secret:rds!db-272f33d8-c750-4a87-b240-1e9451bc2e96-uJpLZo",
            "secret_string": "{\"username\":\"admin\",\"password\":\"5!urmR4|HM)#CRD-i](:ts\u003eApEcs\"}",
            "version_id": "be21a8f9-f989-4a90-8811-83a653ab19ef",
            "version_stage": "AWSCURRENT",
            "version_stages": [
              "AWSCURRENT"
            ]
          },
          "sensitive_attributes": [
            [
              {
                "type": "get_attr",
                "value": "secret_id"
              }
            ]
          ]
        }
      ]
    },
    {
      "module": "module.kubernetes",
      "mode": "managed",
      "type": "kubernetes_namespace",
      "name": "wopi_services",
      "provider": "provider[\"registry.terraform.io/hashicorp/kubernetes\"]",
      "instances": [
        {
          "schema_version": 0,
          "attributes": {
            "id": "wopi-services",
            "metadata": [
              {
                "annotations": null,
                "generate_name": "",
                "generation": 0,
                "labels": {
                  "environment": "dev",
                  "managed-by": "terraform",
                  "name": "wopi-services"
                },
                "name": "wopi-services",
                "resource_version": "7932",
                "uid": "729559f5-d3a0-4c84-82cd-4dec87a07f8c"
              }
            ],
            "timeouts": null,
            "wait_for_default_service_account": false
          },
          "sensitive_attributes": [],
          "private": "eyJlMmJmYjczMC1lY2FhLTExZTYtOGY4OC0zNDM2M2JjN2M0YzAiOnsiZGVsZXRlIjozMDAwMDAwMDAwMDB9fQ==",
          "dependencies": [
            "module.eks.module.eks.aws_cloudwatch_log_group.eks_cluster",
            "module.eks.module.eks.aws_ec2_tag.private_subnet_elb",
            "module.eks.module.eks.aws_eks_access_entry.terraform_user",
            "module.eks.module.eks.aws_eks_access_policy_association.terraform_user_admin",
            "module.eks.module.eks.aws_eks_cluster.eks_cluster",
            "module.eks.module.eks.aws_iam_instance_profile.eks_node_profile",
            "module.eks.module.eks.aws_iam_role.eks_auto_node_role",
            "module.eks.module.eks.aws_iam_role.eks_cluster_role",
            "module.eks.module.eks.aws_iam_role_policy_attachment.eks_auto_node_policies",
            "module.eks.module.eks.aws_iam_role_policy_attachment.eks_cluster_policies",
            "module.eks.module.eks.aws_kms_alias.eks_encryption_key_alias",
            "module.eks.module.eks.aws_kms_key.eks_encryption_key",
            "module.eks.module.eks.aws_security_group.eks_cp_sg",
            "module.eks.module.eks.aws_security_group.eks_node_sg",
            "module.eks.module.eks.aws_security_group_rule.cp_ingress_nodes_api",
            "module.eks.module.eks.aws_security_group_rule.cp_ingress_nodes_dns_tcp",
            "module.eks.module.eks.aws_security_group_rule.cp_ingress_nodes_dns_udp",
            "module.eks.module.eks.aws_security_group_rule.node_ingress_cp_api",
            "module.eks.module.eks.aws_security_group_rule.node_ingress_cp_dns_tcp",
            "module.eks.module.eks.aws_security_group_rule.node_ingress_cp_dns_udp",
            "module.eks.module.eks.aws_security_group_rule.node_self_ingress",
            "module.eks.module.eks.data.aws_caller_identity.current",
            "module.eks.module.eks.data.aws_iam_policy_document.eks_auto_node_assume",
            "module.eks.module.eks.data.aws_iam_policy_document.eks_cluster_assume",
            "module.eks.module.eks.data.aws_iam_session_context.current",
            "module.eks.module.eks.data.aws_region.current",
            "module.eks.null_resource.update_kubeconfig",
            "module.rds.aws_db_instance.wopi",
            "module.rds.aws_db_subnet_group.wopi",
            "module.rds.aws_iam_role.rds_monitoring",
            "module.rds.aws_iam_role_policy_attachment.rds_monitoring",
            "module.rds.aws_security_group.rds",
            "module.redis.aws_cloudwatch_log_group.redis_slow_log",
            "module.redis.aws_elasticache_replication_group.wopi",
            "module.redis.aws_elasticache_subnet_group.wopi",
            "module.redis.aws_security_group.redis"
          ]
        }
      ]
    },
    {
      "module": "module.kubernetes",
      "mode": "managed",
      "type": "kubernetes_secret",
      "name": "database",
      "provider": "provider[\"registry.terraform.io/hashicorp/kubernetes\"]",
      "instances": [
        {
          "schema_version": 0,
          "attributes": {
            "binary_data": null,
            "binary_data_wo": null,
            "binary_data_wo_revision": null,
            "data": {
              "connection_string": "Server=test-app-cluster-wopi-db.czy2oso2mrpa.us-east-2.rds.amazonaws.com,1433;Database=wopi_database;User Id=admin;Password=5!urmR4|HM)#CRD-i](:ts\u003eApEcs;TrustServerCertificate=true;",
              "database": "wopi_database",
              "endpoint": "test-app-cluster-wopi-db.czy2oso2mrpa.us-east-2.rds.amazonaws.com:1433",
              "host": "test-app-cluster-wopi-db.czy2oso2mrpa.us-east-2.rds.amazonaws.com",
              "password": "5!urmR4|HM)#CRD-i](:ts\u003eApEcs",
              "port": "1433",
              "username": "admin"
            },
            "data_wo": null,
            "data_wo_revision": null,
            "id": "wopi-services/wopi-database-secret",
            "immutable": false,
            "metadata": [
              {
                "annotations": null,
                "generate_name": "",
                "generation": 0,
                "labels": {
                  "app": "wopi",
                  "component": "database",
                  "managed-by": "terraform"
                },
                "name": "wopi-database-secret",
                "namespace": "wopi-services",
                "resource_version": "7935",
                "uid": "1eaee7d0-b0e1-4b86-886f-61c46be92a9c"
              }
            ],
            "timeouts": null,
            "type": "Opaque",
            "wait_for_service_account_token": true
          },
          "sensitive_attributes": [
            [
              {
                "type": "get_attr",
                "value": "data"
              },
              {
                "type": "index",
                "value": {
                  "value": "connection_string",
                  "type": "string"
                }
              }
            ],
            [
              {
                "type": "get_attr",
                "value": "data"
              },
              {
                "type": "index",
                "value": {
                  "value": "password",
                  "type": "string"
                }
              }
            ]
          ],
          "private": "eyJlMmJmYjczMC1lY2FhLTExZTYtOGY4OC0zNDM2M2JjN2M0YzAiOnsiY3JlYXRlIjo2MDAwMDAwMDAwMH19",
          "dependencies": [
            "module.eks.module.eks.aws_cloudwatch_log_group.eks_cluster",
            "module.eks.module.eks.aws_ec2_tag.private_subnet_elb",
            "module.eks.module.eks.aws_eks_access_entry.terraform_user",
            "module.eks.module.eks.aws_eks_access_policy_association.terraform_user_admin",
            "module.eks.module.eks.aws_eks_cluster.eks_cluster",
            "module.eks.module.eks.aws_iam_instance_profile.eks_node_profile",
            "module.eks.module.eks.aws_iam_role.eks_auto_node_role",
            "module.eks.module.eks.aws_iam_role.eks_cluster_role",
            "module.eks.module.eks.aws_iam_role_policy_attachment.eks_auto_node_policies",
            "module.eks.module.eks.aws_iam_role_policy_attachment.eks_cluster_policies",
            "module.eks.module.eks.aws_kms_alias.eks_encryption_key_alias",
            "module.eks.module.eks.aws_kms_key.eks_encryption_key",
            "module.eks.module.eks.aws_security_group.eks_cp_sg",
            "module.eks.module.eks.aws_security_group.eks_node_sg",
            "module.eks.module.eks.aws_security_group_rule.cp_ingress_nodes_api",
            "module.eks.module.eks.aws_security_group_rule.cp_ingress_nodes_dns_tcp",
            "module.eks.module.eks.aws_security_group_rule.cp_ingress_nodes_dns_udp",
            "module.eks.module.eks.aws_security_group_rule.node_ingress_cp_api",
            "module.eks.module.eks.aws_security_group_rule.node_ingress_cp_dns_tcp",
            "module.eks.module.eks.aws_security_group_rule.node_ingress_cp_dns_udp",
            "module.eks.module.eks.aws_security_group_rule.node_self_ingress",
            "module.eks.module.eks.data.aws_caller_identity.current",
            "module.eks.module.eks.data.aws_iam_policy_document.eks_auto_node_assume",
            "module.eks.module.eks.data.aws_iam_policy_document.eks_cluster_assume",
            "module.eks.module.eks.data.aws_iam_session_context.current",
            "module.eks.module.eks.data.aws_region.current",
            "module.eks.null_resource.update_kubeconfig",
            "module.kubernetes.data.aws_secretsmanager_secret_version.db_password",
            "module.kubernetes.kubernetes_namespace.wopi_services",
            "module.rds.aws_db_instance.wopi",
            "module.rds.aws_db_subnet_group.wopi",
            "module.rds.aws_iam_role.rds_monitoring",
            "module.rds.aws_iam_role_policy_attachment.rds_monitoring",
            "module.rds.aws_security_group.rds",
            "module.redis.aws_cloudwatch_log_group.redis_slow_log",
            "module.redis.aws_elasticache_replication_group.wopi",
            "module.redis.aws_elasticache_subnet_group.wopi",
            "module.redis.aws_security_group.redis"
          ]
        }
      ]
    },
    {
      "module": "module.kubernetes",
      "mode": "managed",
      "type": "kubernetes_secret",
      "name": "redis",
      "provider": "provider[\"registry.terraform.io/hashicorp/kubernetes\"]",
      "instances": [
        {
          "schema_version": 0,
          "attributes": {
            "binary_data": null,
            "binary_data_wo": null,
            "binary_data_wo_revision": null,
            "data": {
              "redis_connection_string": "test-app-cluster-redis.65pjak.ng.0001.use2.cache.amazonaws.com:6379",
              "redis_endpoint": "test-app-cluster-redis.65pjak.ng.0001.use2.cache.amazonaws.com",
              "redis_host": "test-app-cluster-redis.65pjak.ng.0001.use2.cache.amazonaws.com",
              "redis_port": "6379"
            },
            "data_wo": null,
            "data_wo_revision": null,
            "id": "wopi-services/wopi-redis-secret",
            "immutable": false,
            "metadata": [
              {
                "annotations": null,
                "generate_name": "",
                "generation": 0,
                "labels": {
                  "app": "wopi",
                  "component": "cache",
                  "managed-by": "terraform"
                },
                "name": "wopi-redis-secret",
                "namespace": "wopi-services",
                "resource_version": "7936",
                "uid": "a1e027ba-6640-4275-9128-8d0269d2cf95"
              }
            ],
            "timeouts": null,
            "type": "Opaque",
            "wait_for_service_account_token": true
          },
          "sensitive_attributes": [],
          "private": "eyJlMmJmYjczMC1lY2FhLTExZTYtOGY4OC0zNDM2M2JjN2M0YzAiOnsiY3JlYXRlIjo2MDAwMDAwMDAwMH19",
          "dependencies": [
            "module.eks.module.eks.aws_cloudwatch_log_group.eks_cluster",
            "module.eks.module.eks.aws_ec2_tag.private_subnet_elb",
            "module.eks.module.eks.aws_eks_access_entry.terraform_user",
            "module.eks.module.eks.aws_eks_access_policy_association.terraform_user_admin",
            "module.eks.module.eks.aws_eks_cluster.eks_cluster",
            "module.eks.module.eks.aws_iam_instance_profile.eks_node_profile",
            "module.eks.module.eks.aws_iam_role.eks_auto_node_role",
            "module.eks.module.eks.aws_iam_role.eks_cluster_role",
            "module.eks.module.eks.aws_iam_role_policy_attachment.eks_auto_node_policies",
            "module.eks.module.eks.aws_iam_role_policy_attachment.eks_cluster_policies",
            "module.eks.module.eks.aws_kms_alias.eks_encryption_key_alias",
            "module.eks.module.eks.aws_kms_key.eks_encryption_key",
            "module.eks.module.eks.aws_security_group.eks_cp_sg",
            "module.eks.module.eks.aws_security_group.eks_node_sg",
            "module.eks.module.eks.aws_security_group_rule.cp_ingress_nodes_api",
            "module.eks.module.eks.aws_security_group_rule.cp_ingress_nodes_dns_tcp",
            "module.eks.module.eks.aws_security_group_rule.cp_ingress_nodes_dns_udp",
            "module.eks.module.eks.aws_security_group_rule.node_ingress_cp_api",
            "module.eks.module.eks.aws_security_group_rule.node_ingress_cp_dns_tcp",
            "module.eks.module.eks.aws_security_group_rule.node_ingress_cp_dns_udp",
            "module.eks.module.eks.aws_security_group_rule.node_self_ingress",
            "module.eks.module.eks.data.aws_caller_identity.current",
            "module.eks.module.eks.data.aws_iam_policy_document.eks_auto_node_assume",
            "module.eks.module.eks.data.aws_iam_policy_document.eks_cluster_assume",
            "module.eks.module.eks.data.aws_iam_session_context.current",
            "module.eks.module.eks.data.aws_region.current",
            "module.eks.null_resource.update_kubeconfig",
            "module.kubernetes.kubernetes_namespace.wopi_services",
            "module.rds.aws_db_instance.wopi",
            "module.rds.aws_db_subnet_group.wopi",
            "module.rds.aws_iam_role.rds_monitoring",
            "module.rds.aws_iam_role_policy_attachment.rds_monitoring",
            "module.rds.aws_security_group.rds",
            "module.redis.aws_cloudwatch_log_group.redis_slow_log",
            "module.redis.aws_elasticache_replication_group.wopi",
            "module.redis.aws_elasticache_subnet_group.wopi",
            "module.redis.aws_security_group.redis"
          ]
        }
      ]
    },
    {
      "module": "module.rds",
      "mode": "managed",
      "type": "aws_db_instance",
      "name": "wopi",
      "provider": "provider[\"registry.terraform.io/hashicorp/aws\"]",
      "instances": [
        {
          "schema_version": 2,
          "attributes": {
            "address": "test-app-cluster-wopi-db.czy2oso2mrpa.us-east-2.rds.amazonaws.com",
            "allocated_storage": 20,
            "allow_major_version_upgrade": null,
            "apply_immediately": false,
            "arn": "arn:aws:rds:us-east-2:116839935550:db:test-app-cluster-wopi-db",
            "auto_minor_version_upgrade": true,
            "availability_zone": "us-east-2b",
            "backup_retention_period": 7,
            "backup_target": "region",
            "backup_window": "03:00-04:00",
            "blue_green_update": [],
            "ca_cert_identifier": "rds-ca-rsa2048-g1",
            "character_set_name": "SQL_Latin1_General_CP1_CI_AS",
            "copy_tags_to_snapshot": false,
            "custom_iam_instance_profile": "",
            "customer_owned_ip_enabled": false,
            "database_insights_mode": "standard",
            "db_name": "",
            "db_subnet_group_name": "test-app-cluster-db-subnet-group",
            "dedicated_log_volume": false,
            "delete_automated_backups": true,
            "deletion_protection": false,
            "domain": "",
            "domain_auth_secret_arn": "",
            "domain_dns_ips": null,
            "domain_fqdn": "",
            "domain_iam_role_name": "",
            "domain_ou": "",
            "enabled_cloudwatch_logs_exports": [
              "error"
            ],
            "endpoint": "test-app-cluster-wopi-db.czy2oso2mrpa.us-east-2.rds.amazonaws.com:1433",
            "engine": "sqlserver-ex",
            "engine_lifecycle_support": "",
            "engine_version": "15.00.4365.2.v1",
            "engine_version_actual": "15.00.4365.2.v1",
            "final_snapshot_identifier": null,
            "hosted_zone_id": "Z2XHWR1WZ565X2",
            "iam_database_authentication_enabled": false,
            "id": "db-GPE3I6D3TMIKOJK4U62NUJBSAM",
            "identifier": "test-app-cluster-wopi-db",
            "identifier_prefix": "",
            "instance_class": "db.t3.micro",
            "iops": 3000,
            "kms_key_id": "arn:aws:kms:us-east-2:116839935550:key/9cf9eefc-590f-4f56-b587-c606865049a9",
            "latest_restorable_time": "2025-10-19T20:21:21Z",
            "license_model": "license-included",
            "listener_endpoint": [],
            "maintenance_window": "sun:04:00-sun:05:00",
            "manage_master_user_password": true,
            "master_user_secret": [
              {
                "kms_key_id": "arn:aws:kms:us-east-2:116839935550:key/ed0bdffb-964a-47ea-b5bd-e71f31a9f935",
                "secret_arn": "arn:aws:secretsmanager:us-east-2:116839935550:secret:rds!db-272f33d8-c750-4a87-b240-1e9451bc2e96-uJpLZo",
                "secret_status": "active"
              }
            ],
            "master_user_secret_kms_key_id": null,
            "max_allocated_storage": 100,
            "monitoring_interval": 60,
            "monitoring_role_arn": "arn:aws:iam::116839935550:role/test-app-cluster-rds-enhanced-monitoring-role",
            "multi_az": false,
            "nchar_character_set_name": "",
            "network_type": "IPV4",
            "option_group_name": "default:sqlserver-ex-15-00",
            "parameter_group_name": "default.sqlserver-ex-15.0",
            "password": null,
            "password_wo": null,
            "password_wo_version": null,
            "performance_insights_enabled": true,
            "performance_insights_kms_key_id": "arn:aws:kms:us-east-2:116839935550:key/9cf9eefc-590f-4f56-b587-c606865049a9",
            "performance_insights_retention_period": 7,
            "port": 1433,
            "publicly_accessible": false,
            "replica_mode": "",
            "replicas": [],
            "replicate_source_db": "",
            "resource_id": "db-GPE3I6D3TMIKOJK4U62NUJBSAM",
            "restore_to_point_in_time": [],
            "s3_import": [],
            "skip_final_snapshot": true,
            "snapshot_identifier": null,
            "status": "available",
            "storage_encrypted": true,
            "storage_throughput": 125,
            "storage_type": "gp3",
            "tags": {
              "Name": "test-app-cluster-wopi-database"
            },
            "tags_all": {
              "Name": "test-app-cluster-wopi-database"
            },
            "timeouts": null,
            "timezone": "",
            "upgrade_storage_config": null,
            "username": "admin",
            "vpc_security_group_ids": [
              "sg-0eeadf7763154f370"
            ]
          },
          "sensitive_attributes": [],
          "private": "eyJlMmJmYjczMC1lY2FhLTExZTYtOGY4OC0zNDM2M2JjN2M0YzAiOnsiY3JlYXRlIjozMDAwMDAwMDAwMDAwLCJkZWxldGUiOjM2MDAwMDAwMDAwMDAsInVwZGF0ZSI6NDgwMDAwMDAwMDAwMH0sInNjaGVtYV92ZXJzaW9uIjoiMiJ9",
          "dependencies": [
            "module.eks.module.eks.aws_cloudwatch_log_group.eks_cluster",
            "module.eks.module.eks.aws_ec2_tag.private_subnet_elb",
            "module.eks.module.eks.aws_eks_access_entry.terraform_user",
            "module.eks.module.eks.aws_eks_access_policy_association.terraform_user_admin",
            "module.eks.module.eks.aws_eks_cluster.eks_cluster",
            "module.eks.module.eks.aws_iam_instance_profile.eks_node_profile",
            "module.eks.module.eks.aws_iam_role.eks_auto_node_role",
            "module.eks.module.eks.aws_iam_role.eks_cluster_role",
            "module.eks.module.eks.aws_iam_role_policy_attachment.eks_auto_node_policies",
            "module.eks.module.eks.aws_iam_role_policy_attachment.eks_cluster_policies",
            "module.eks.module.eks.aws_kms_alias.eks_encryption_key_alias",
            "module.eks.module.eks.aws_kms_key.eks_encryption_key",
            "module.eks.module.eks.aws_security_group.eks_cp_sg",
            "module.eks.module.eks.aws_security_group.eks_node_sg",
            "module.eks.module.eks.aws_security_group_rule.cp_ingress_nodes_api",
            "module.eks.module.eks.aws_security_group_rule.cp_ingress_nodes_dns_tcp",
            "module.eks.module.eks.aws_security_group_rule.cp_ingress_nodes_dns_udp",
            "module.eks.module.eks.aws_security_group_rule.node_ingress_cp_api",
            "module.eks.module.eks.aws_security_group_rule.node_ingress_cp_dns_tcp",
            "module.eks.module.eks.aws_security_group_rule.node_ingress_cp_dns_udp",
            "module.eks.module.eks.aws_security_group_rule.node_self_ingress",
            "module.eks.module.eks.data.aws_caller_identity.current",
            "module.eks.module.eks.data.aws_iam_policy_document.eks_auto_node_assume",
            "module.eks.module.eks.data.aws_iam_policy_document.eks_cluster_assume",
            "module.eks.module.eks.data.aws_iam_session_context.current",
            "module.eks.module.eks.data.aws_region.current",
            "module.eks.null_resource.update_kubeconfig",
            "module.rds.aws_db_subnet_group.wopi",
            "module.rds.aws_iam_role.rds_monitoring",
            "module.rds.aws_security_group.rds"
          ]
        }
      ]
    },
    {
      "module": "module.rds",
      "mode": "managed",
      "type": "aws_db_subnet_group",
      "name": "wopi",
      "provider": "provider[\"registry.terraform.io/hashicorp/aws\"]",
      "instances": [
        {
          "schema_version": 0,
          "attributes": {
            "arn": "arn:aws:rds:us-east-2:116839935550:subgrp:test-app-cluster-db-subnet-group",
            "description": "Managed by Terraform",
            "id": "test-app-cluster-db-subnet-group",
            "name": "test-app-cluster-db-subnet-group",
            "name_prefix": "",
            "subnet_ids": [
              "subnet-0291efa03f8c2438d",
              "subnet-048742a3c8dd5a91a"
            ],
            "supported_network_types": [
              "IPV4"
            ],
            "tags": {
              "Name": "test-app-cluster-db-subnet-group"
            },
            "tags_all": {
              "Name": "test-app-cluster-db-subnet-group"
            },
            "vpc_id": "vpc-0904869f7d4019d18"
          },
          "sensitive_attributes": [],
          "private": "bnVsbA==",
          "dependencies": [
            "module.eks.module.eks.aws_cloudwatch_log_group.eks_cluster",
            "module.eks.module.eks.aws_ec2_tag.private_subnet_elb",
            "module.eks.module.eks.aws_eks_access_entry.terraform_user",
            "module.eks.module.eks.aws_eks_access_policy_association.terraform_user_admin",
            "module.eks.module.eks.aws_eks_cluster.eks_cluster",
            "module.eks.module.eks.aws_iam_instance_profile.eks_node_profile",
            "module.eks.module.eks.aws_iam_role.eks_auto_node_role",
            "module.eks.module.eks.aws_iam_role.eks_cluster_role",
            "module.eks.module.eks.aws_iam_role_policy_attachment.eks_auto_node_policies",
            "module.eks.module.eks.aws_iam_role_policy_attachment.eks_cluster_policies",
            "module.eks.module.eks.aws_kms_alias.eks_encryption_key_alias",
            "module.eks.module.eks.aws_kms_key.eks_encryption_key",
            "module.eks.module.eks.aws_security_group.eks_cp_sg",
            "module.eks.module.eks.aws_security_group.eks_node_sg",
            "module.eks.module.eks.aws_security_group_rule.cp_ingress_nodes_api",
            "module.eks.module.eks.aws_security_group_rule.cp_ingress_nodes_dns_tcp",
            "module.eks.module.eks.aws_security_group_rule.cp_ingress_nodes_dns_udp",
            "module.eks.module.eks.aws_security_group_rule.node_ingress_cp_api",
            "module.eks.module.eks.aws_security_group_rule.node_ingress_cp_dns_tcp",
            "module.eks.module.eks.aws_security_group_rule.node_ingress_cp_dns_udp",
            "module.eks.module.eks.aws_security_group_rule.node_self_ingress",
            "module.eks.module.eks.data.aws_caller_identity.current",
            "module.eks.module.eks.data.aws_iam_policy_document.eks_auto_node_assume",
            "module.eks.module.eks.data.aws_iam_policy_document.eks_cluster_assume",
            "module.eks.module.eks.data.aws_iam_session_context.current",
            "module.eks.module.eks.data.aws_region.current",
            "module.eks.null_resource.update_kubeconfig"
          ]
        }
      ]
    },
    {
      "module": "module.rds",
      "mode": "managed",
      "type": "aws_iam_role",
      "name": "rds_monitoring",
      "provider": "provider[\"registry.terraform.io/hashicorp/aws\"]",
      "instances": [
        {
          "schema_version": 0,
          "attributes": {
            "arn": "arn:aws:iam::116839935550:role/test-app-cluster-rds-enhanced-monitoring-role",
            "assume_role_policy": "{\"Statement\":[{\"Action\":\"sts:AssumeRole\",\"Effect\":\"Allow\",\"Principal\":{\"Service\":\"monitoring.rds.amazonaws.com\"}}],\"Version\":\"2012-10-17\"}",
            "create_date": "2025-10-19T20:03:34Z",
            "description": "",
            "force_detach_policies": false,
            "id": "test-app-cluster-rds-enhanced-monitoring-role",
            "inline_policy": [],
            "managed_policy_arns": [],
            "max_session_duration": 3600,
            "name": "test-app-cluster-rds-enhanced-monitoring-role",
            "name_prefix": "",
            "path": "/",
            "permissions_boundary": "",
            "tags": null,
            "tags_all": {},
            "unique_id": "AROARWNBT5Y7C6LKBDZKT"
          },
          "sensitive_attributes": [],
          "private": "bnVsbA==",
          "dependencies": [
            "module.eks.module.eks.aws_cloudwatch_log_group.eks_cluster",
            "module.eks.module.eks.aws_ec2_tag.private_subnet_elb",
            "module.eks.module.eks.aws_eks_access_entry.terraform_user",
            "module.eks.module.eks.aws_eks_access_policy_association.terraform_user_admin",
            "module.eks.module.eks.aws_eks_cluster.eks_cluster",
            "module.eks.module.eks.aws_iam_instance_profile.eks_node_profile",
            "module.eks.module.eks.aws_iam_role.eks_auto_node_role",
            "module.eks.module.eks.aws_iam_role.eks_cluster_role",
            "module.eks.module.eks.aws_iam_role_policy_attachment.eks_auto_node_policies",
            "module.eks.module.eks.aws_iam_role_policy_attachment.eks_cluster_policies",
            "module.eks.module.eks.aws_kms_alias.eks_encryption_key_alias",
            "module.eks.module.eks.aws_kms_key.eks_encryption_key",
            "module.eks.module.eks.aws_security_group.eks_cp_sg",
            "module.eks.module.eks.aws_security_group.eks_node_sg",
            "module.eks.module.eks.aws_security_group_rule.cp_ingress_nodes_api",
            "module.eks.module.eks.aws_security_group_rule.cp_ingress_nodes_dns_tcp",
            "module.eks.module.eks.aws_security_group_rule.cp_ingress_nodes_dns_udp",
            "module.eks.module.eks.aws_security_group_rule.node_ingress_cp_api",
            "module.eks.module.eks.aws_security_group_rule.node_ingress_cp_dns_tcp",
            "module.eks.module.eks.aws_security_group_rule.node_ingress_cp_dns_udp",
            "module.eks.module.eks.aws_security_group_rule.node_self_ingress",
            "module.eks.module.eks.data.aws_caller_identity.current",
            "module.eks.module.eks.data.aws_iam_policy_document.eks_auto_node_assume",
            "module.eks.module.eks.data.aws_iam_policy_document.eks_cluster_assume",
            "module.eks.module.eks.data.aws_iam_session_context.current",
            "module.eks.module.eks.data.aws_region.current",
            "module.eks.null_resource.update_kubeconfig"
          ]
        }
      ]
    },
    {
      "module": "module.rds",
      "mode": "managed",
      "type": "aws_iam_role_policy_attachment",
      "name": "rds_monitoring",
      "provider": "provider[\"registry.terraform.io/hashicorp/aws\"]",
      "instances": [
        {
          "schema_version": 0,
          "attributes": {
            "id": "test-app-cluster-rds-enhanced-monitoring-role-20251019200335135200000003",
            "policy_arn": "arn:aws:iam::aws:policy/service-role/AmazonRDSEnhancedMonitoringRole",
            "role": "test-app-cluster-rds-enhanced-monitoring-role"
          },
          "sensitive_attributes": [],
          "private": "bnVsbA==",
          "dependencies": [
            "module.eks.module.eks.aws_cloudwatch_log_group.eks_cluster",
            "module.eks.module.eks.aws_ec2_tag.private_subnet_elb",
            "module.eks.module.eks.aws_eks_access_entry.terraform_user",
            "module.eks.module.eks.aws_eks_access_policy_association.terraform_user_admin",
            "module.eks.module.eks.aws_eks_cluster.eks_cluster",
            "module.eks.module.eks.aws_iam_instance_profile.eks_node_profile",
            "module.eks.module.eks.aws_iam_role.eks_auto_node_role",
            "module.eks.module.eks.aws_iam_role.eks_cluster_role",
            "module.eks.module.eks.aws_iam_role_policy_attachment.eks_auto_node_policies",
            "module.eks.module.eks.aws_iam_role_policy_attachment.eks_cluster_policies",
            "module.eks.module.eks.aws_kms_alias.eks_encryption_key_alias",
            "module.eks.module.eks.aws_kms_key.eks_encryption_key",
            "module.eks.module.eks.aws_security_group.eks_cp_sg",
            "module.eks.module.eks.aws_security_group.eks_node_sg",
            "module.eks.module.eks.aws_security_group_rule.cp_ingress_nodes_api",
            "module.eks.module.eks.aws_security_group_rule.cp_ingress_nodes_dns_tcp",
            "module.eks.module.eks.aws_security_group_rule.cp_ingress_nodes_dns_udp",
            "module.eks.module.eks.aws_security_group_rule.node_ingress_cp_api",
            "module.eks.module.eks.aws_security_group_rule.node_ingress_cp_dns_tcp",
            "module.eks.module.eks.aws_security_group_rule.node_ingress_cp_dns_udp",
            "module.eks.module.eks.aws_security_group_rule.node_self_ingress",
            "module.eks.module.eks.data.aws_caller_identity.current",
            "module.eks.module.eks.data.aws_iam_policy_document.eks_auto_node_assume",
            "module.eks.module.eks.data.aws_iam_policy_document.eks_cluster_assume",
            "module.eks.module.eks.data.aws_iam_session_context.current",
            "module.eks.module.eks.data.aws_region.current",
            "module.eks.null_resource.update_kubeconfig",
            "module.rds.aws_iam_role.rds_monitoring"
          ]
        }
      ]
    },
    {
      "module": "module.rds",
      "mode": "managed",
      "type": "aws_security_group",
      "name": "rds",
      "provider": "provider[\"registry.terraform.io/hashicorp/aws\"]",
      "instances": [
        {
          "schema_version": 1,
          "attributes": {
            "arn": "arn:aws:ec2:us-east-2:116839935550:security-group/sg-0eeadf7763154f370",
            "description": "Security group for WOPI RDS database",
            "egress": [
              {
                "cidr_blocks": [
                  "0.0.0.0/0"
                ],
                "description": "",
                "from_port": 0,
                "ipv6_cidr_blocks": [],
                "prefix_list_ids": [],
                "protocol": "-1",
                "security_groups": [],
                "self": false,
                "to_port": 0
              }
            ],
            "id": "sg-0eeadf7763154f370",
            "ingress": [
              {
                "cidr_blocks": [
                  "10.0.0.0/16"
                ],
                "description": "SQL Server access from EKS",
                "from_port": 1433,
                "ipv6_cidr_blocks": [],
                "prefix_list_ids": [],
                "protocol": "tcp",
                "security_groups": [],
                "self": false,
                "to_port": 1433
              }
            ],
            "name": "test-app-cluster-rds-sg20251019200334245700000002",
            "name_prefix": "test-app-cluster-rds-sg",
            "owner_id": "116839935550",
            "revoke_rules_on_delete": false,
            "tags": {
              "Name": "test-app-cluster-rds-sg"
            },
            "tags_all": {
              "Name": "test-app-cluster-rds-sg"
            },
            "timeouts": null,
            "vpc_id": "vpc-0904869f7d4019d18"
          },
          "sensitive_attributes": [],
          "private": "eyJlMmJmYjczMC1lY2FhLTExZTYtOGY4OC0zNDM2M2JjN2M0YzAiOnsiY3JlYXRlIjo2MDAwMDAwMDAwMDAsImRlbGV0ZSI6OTAwMDAwMDAwMDAwfSwic2NoZW1hX3ZlcnNpb24iOiIxIn0=",
          "dependencies": [
            "module.eks.module.eks.aws_cloudwatch_log_group.eks_cluster",
            "module.eks.module.eks.aws_ec2_tag.private_subnet_elb",
            "module.eks.module.eks.aws_eks_access_entry.terraform_user",
            "module.eks.module.eks.aws_eks_access_policy_association.terraform_user_admin",
            "module.eks.module.eks.aws_eks_cluster.eks_cluster",
            "module.eks.module.eks.aws_iam_instance_profile.eks_node_profile",
            "module.eks.module.eks.aws_iam_role.eks_auto_node_role",
            "module.eks.module.eks.aws_iam_role.eks_cluster_role",
            "module.eks.module.eks.aws_iam_role_policy_attachment.eks_auto_node_policies",
            "module.eks.module.eks.aws_iam_role_policy_attachment.eks_cluster_policies",
            "module.eks.module.eks.aws_kms_alias.eks_encryption_key_alias",
            "module.eks.module.eks.aws_kms_key.eks_encryption_key",
            "module.eks.module.eks.aws_security_group.eks_cp_sg",
            "module.eks.module.eks.aws_security_group.eks_node_sg",
            "module.eks.module.eks.aws_security_group_rule.cp_ingress_nodes_api",
            "module.eks.module.eks.aws_security_group_rule.cp_ingress_nodes_dns_tcp",
            "module.eks.module.eks.aws_security_group_rule.cp_ingress_nodes_dns_udp",
            "module.eks.module.eks.aws_security_group_rule.node_ingress_cp_api",
            "module.eks.module.eks.aws_security_group_rule.node_ingress_cp_dns_tcp",
            "module.eks.module.eks.aws_security_group_rule.node_ingress_cp_dns_udp",
            "module.eks.module.eks.aws_security_group_rule.node_self_ingress",
            "module.eks.module.eks.data.aws_caller_identity.current",
            "module.eks.module.eks.data.aws_iam_policy_document.eks_auto_node_assume",
            "module.eks.module.eks.data.aws_iam_policy_document.eks_cluster_assume",
            "module.eks.module.eks.data.aws_iam_session_context.current",
            "module.eks.module.eks.data.aws_region.current",
            "module.eks.null_resource.update_kubeconfig"
          ]
        }
      ]
    },
    {
      "module": "module.redis",
      "mode": "managed",
      "type": "aws_cloudwatch_log_group",
      "name": "redis_slow_log",
      "provider": "provider[\"registry.terraform.io/hashicorp/aws\"]",
      "instances": [
        {
          "schema_version": 0,
          "attributes": {
            "arn": "arn:aws:logs:us-east-2:116839935550:log-group:/aws/elasticache/redis/test-app-cluster-slow-log",
            "id": "/aws/elasticache/redis/test-app-cluster-slow-log",
            "kms_key_id": "",
            "log_group_class": "STANDARD",
            "name": "/aws/elasticache/redis/test-app-cluster-slow-log",
            "name_prefix": "",
            "retention_in_days": 7,
            "skip_destroy": false,
            "tags": {
              "Name": "test-app-cluster-redis-slow-log"
            },
            "tags_all": {
              "Name": "test-app-cluster-redis-slow-log"
            }
          },
          "sensitive_attributes": [],
          "private": "bnVsbA==",
          "dependencies": [
            "module.eks.module.eks.aws_cloudwatch_log_group.eks_cluster",
            "module.eks.module.eks.aws_ec2_tag.private_subnet_elb",
            "module.eks.module.eks.aws_eks_access_entry.terraform_user",
            "module.eks.module.eks.aws_eks_access_policy_association.terraform_user_admin",
            "module.eks.module.eks.aws_eks_cluster.eks_cluster",
            "module.eks.module.eks.aws_iam_instance_profile.eks_node_profile",
            "module.eks.module.eks.aws_iam_role.eks_auto_node_role",
            "module.eks.module.eks.aws_iam_role.eks_cluster_role",
            "module.eks.module.eks.aws_iam_role_policy_attachment.eks_auto_node_policies",
            "module.eks.module.eks.aws_iam_role_policy_attachment.eks_cluster_policies",
            "module.eks.module.eks.aws_kms_alias.eks_encryption_key_alias",
            "module.eks.module.eks.aws_kms_key.eks_encryption_key",
            "module.eks.module.eks.aws_security_group.eks_cp_sg",
            "module.eks.module.eks.aws_security_group.eks_node_sg",
            "module.eks.module.eks.aws_security_group_rule.cp_ingress_nodes_api",
            "module.eks.module.eks.aws_security_group_rule.cp_ingress_nodes_dns_tcp",
            "module.eks.module.eks.aws_security_group_rule.cp_ingress_nodes_dns_udp",
            "module.eks.module.eks.aws_security_group_rule.node_ingress_cp_api",
            "module.eks.module.eks.aws_security_group_rule.node_ingress_cp_dns_tcp",
            "module.eks.module.eks.aws_security_group_rule.node_ingress_cp_dns_udp",
            "module.eks.module.eks.aws_security_group_rule.node_self_ingress",
            "module.eks.module.eks.data.aws_caller_identity.current",
            "module.eks.module.eks.data.aws_iam_policy_document.eks_auto_node_assume",
            "module.eks.module.eks.data.aws_iam_policy_document.eks_cluster_assume",
            "module.eks.module.eks.data.aws_iam_session_context.current",
            "module.eks.module.eks.data.aws_region.current",
            "module.eks.null_resource.update_kubeconfig"
          ]
        }
      ]
    },
    {
      "module": "module.redis",
      "mode": "managed",
      "type": "aws_elasticache_replication_group",
      "name": "wopi",
      "provider": "provider[\"registry.terraform.io/hashicorp/aws\"]",
      "instances": [
        {
          "schema_version": 2,
          "attributes": {
            "apply_immediately": null,
            "arn": "arn:aws:elasticache:us-east-2:116839935550:replicationgroup:test-app-cluster-redis",
            "at_rest_encryption_enabled": "true",
            "auth_token": "",
            "auth_token_update_strategy": "ROTATE",
            "auto_minor_version_upgrade": "true",
            "automatic_failover_enabled": false,
            "cluster_enabled": false,
            "cluster_mode": "disabled",
            "configuration_endpoint_address": null,
            "data_tiering_enabled": false,
            "description": "Redis cluster for WOPI application",
            "engine": "redis",
            "engine_version": "7.1",
            "engine_version_actual": "7.1.0",
            "final_snapshot_identifier": null,
            "global_replication_group_id": null,
            "id": "test-app-cluster-redis",
            "ip_discovery": "ipv4",
            "kms_key_id": "",
            "log_delivery_configuration": [
              {
                "destination": "/aws/elasticache/redis/test-app-cluster-slow-log",
                "destination_type": "cloudwatch-logs",
                "log_format": "text",
                "log_type": "slow-log"
              }
            ],
            "maintenance_window": "mon:23:00-tue:00:00",
            "member_clusters": [
              "test-app-cluster-redis-001"
            ],
            "multi_az_enabled": false,
            "network_type": "ipv4",
            "node_type": "cache.t3.micro",
            "notification_topic_arn": null,
            "num_cache_clusters": 1,
            "num_node_groups": 1,
            "parameter_group_name": "default.redis7",
            "port": 6379,
            "preferred_cache_cluster_azs": null,
            "primary_endpoint_address": "test-app-cluster-redis.65pjak.ng.0001.use2.cache.amazonaws.com",
            "reader_endpoint_address": "test-app-cluster-redis-ro.65pjak.ng.0001.use2.cache.amazonaws.com",
            "replicas_per_node_group": 0,
            "replication_group_id": "test-app-cluster-redis",
            "security_group_ids": [
              "sg-03dfba7a20cfe206e"
            ],
            "security_group_names": [],
            "snapshot_arns": null,
            "snapshot_name": null,
            "snapshot_retention_limit": 0,
            "snapshot_window": "06:00-07:00",
            "subnet_group_name": "test-app-cluster-redis-subnet-group",
            "tags": {
              "Name": "test-app-cluster-redis-cluster"
            },
            "tags_all": {
              "Name": "test-app-cluster-redis-cluster"
            },
            "timeouts": null,
            "transit_encryption_enabled": false,
            "transit_encryption_mode": "",
            "user_group_ids": null
          },
          "sensitive_attributes": [],
          "private": "eyJlMmJmYjczMC1lY2FhLTExZTYtOGY4OC0zNDM2M2JjN2M0YzAiOnsiY3JlYXRlIjozNjAwMDAwMDAwMDAwLCJkZWxldGUiOjI3MDAwMDAwMDAwMDAsInVwZGF0ZSI6MjQwMDAwMDAwMDAwMH0sInNjaGVtYV92ZXJzaW9uIjoiMiJ9",
          "dependencies": [
            "module.eks.module.eks.aws_cloudwatch_log_group.eks_cluster",
            "module.eks.module.eks.aws_ec2_tag.private_subnet_elb",
            "module.eks.module.eks.aws_eks_access_entry.terraform_user",
            "module.eks.module.eks.aws_eks_access_policy_association.terraform_user_admin",
            "module.eks.module.eks.aws_eks_cluster.eks_cluster",
            "module.eks.module.eks.aws_iam_instance_profile.eks_node_profile",
            "module.eks.module.eks.aws_iam_role.eks_auto_node_role",
            "module.eks.module.eks.aws_iam_role.eks_cluster_role",
            "module.eks.module.eks.aws_iam_role_policy_attachment.eks_auto_node_policies",
            "module.eks.module.eks.aws_iam_role_policy_attachment.eks_cluster_policies",
            "module.eks.module.eks.aws_kms_alias.eks_encryption_key_alias",
            "module.eks.module.eks.aws_kms_key.eks_encryption_key",
            "module.eks.module.eks.aws_security_group.eks_cp_sg",
            "module.eks.module.eks.aws_security_group.eks_node_sg",
            "module.eks.module.eks.aws_security_group_rule.cp_ingress_nodes_api",
            "module.eks.module.eks.aws_security_group_rule.cp_ingress_nodes_dns_tcp",
            "module.eks.module.eks.aws_security_group_rule.cp_ingress_nodes_dns_udp",
            "module.eks.module.eks.aws_security_group_rule.node_ingress_cp_api",
            "module.eks.module.eks.aws_security_group_rule.node_ingress_cp_dns_tcp",
            "module.eks.module.eks.aws_security_group_rule.node_ingress_cp_dns_udp",
            "module.eks.module.eks.aws_security_group_rule.node_self_ingress",
            "module.eks.module.eks.data.aws_caller_identity.current",
            "module.eks.module.eks.data.aws_iam_policy_document.eks_auto_node_assume",
            "module.eks.module.eks.data.aws_iam_policy_document.eks_cluster_assume",
            "module.eks.module.eks.data.aws_iam_session_context.current",
            "module.eks.module.eks.data.aws_region.current",
            "module.eks.null_resource.update_kubeconfig",
            "module.redis.aws_cloudwatch_log_group.redis_slow_log",
            "module.redis.aws_elasticache_subnet_group.wopi",
            "module.redis.aws_security_group.redis"
          ]
        }
      ]
    },
    {
      "module": "module.redis",
      "mode": "managed",
      "type": "aws_elasticache_subnet_group",
      "name": "wopi",
      "provider": "provider[\"registry.terraform.io/hashicorp/aws\"]",
      "instances": [
        {
          "schema_version": 0,
          "attributes": {
            "arn": "arn:aws:elasticache:us-east-2:116839935550:subnetgroup:test-app-cluster-redis-subnet-group",
            "description": "Managed by Terraform",
            "id": "test-app-cluster-redis-subnet-group",
            "name": "test-app-cluster-redis-subnet-group",
            "subnet_ids": [
              "subnet-0291efa03f8c2438d",
              "subnet-048742a3c8dd5a91a"
            ],
            "tags": {
              "Name": "test-app-cluster-redis-subnet-group"
            },
            "tags_all": {
              "Name": "test-app-cluster-redis-subnet-group"
            },
            "vpc_id": "vpc-0904869f7d4019d18"
          },
          "sensitive_attributes": [],
          "private": "bnVsbA==",
          "dependencies": [
            "module.eks.module.eks.aws_cloudwatch_log_group.eks_cluster",
            "module.eks.module.eks.aws_ec2_tag.private_subnet_elb",
            "module.eks.module.eks.aws_eks_access_entry.terraform_user",
            "module.eks.module.eks.aws_eks_access_policy_association.terraform_user_admin",
            "module.eks.module.eks.aws_eks_cluster.eks_cluster",
            "module.eks.module.eks.aws_iam_instance_profile.eks_node_profile",
            "module.eks.module.eks.aws_iam_role.eks_auto_node_role",
            "module.eks.module.eks.aws_iam_role.eks_cluster_role",
            "module.eks.module.eks.aws_iam_role_policy_attachment.eks_auto_node_policies",
            "module.eks.module.eks.aws_iam_role_policy_attachment.eks_cluster_policies",
            "module.eks.module.eks.aws_kms_alias.eks_encryption_key_alias",
            "module.eks.module.eks.aws_kms_key.eks_encryption_key",
            "module.eks.module.eks.aws_security_group.eks_cp_sg",
            "module.eks.module.eks.aws_security_group.eks_node_sg",
            "module.eks.module.eks.aws_security_group_rule.cp_ingress_nodes_api",
            "module.eks.module.eks.aws_security_group_rule.cp_ingress_nodes_dns_tcp",
            "module.eks.module.eks.aws_security_group_rule.cp_ingress_nodes_dns_udp",
            "module.eks.module.eks.aws_security_group_rule.node_ingress_cp_api",
            "module.eks.module.eks.aws_security_group_rule.node_ingress_cp_dns_tcp",
            "module.eks.module.eks.aws_security_group_rule.node_ingress_cp_dns_udp",
            "module.eks.module.eks.aws_security_group_rule.node_self_ingress",
            "module.eks.module.eks.data.aws_caller_identity.current",
            "module.eks.module.eks.data.aws_iam_policy_document.eks_auto_node_assume",
            "module.eks.module.eks.data.aws_iam_policy_document.eks_cluster_assume",
            "module.eks.module.eks.data.aws_iam_session_context.current",
            "module.eks.module.eks.data.aws_region.current",
            "module.eks.null_resource.update_kubeconfig"
          ]
        }
      ]
    },
    {
      "module": "module.redis",
      "mode": "managed",
      "type": "aws_security_group",
      "name": "redis",
      "provider": "provider[\"registry.terraform.io/hashicorp/aws\"]",
      "instances": [
        {
          "schema_version": 1,
          "attributes": {
            "arn": "arn:aws:ec2:us-east-2:116839935550:security-group/sg-03dfba7a20cfe206e",
            "description": "Security group for WOPI Redis cluster",
            "egress": [
              {
                "cidr_blocks": [
                  "0.0.0.0/0"
                ],
                "description": "",
                "from_port": 0,
                "ipv6_cidr_blocks": [],
                "prefix_list_ids": [],
                "protocol": "-1",
                "security_groups": [],
                "self": false,
                "to_port": 0
              }
            ],
            "id": "sg-03dfba7a20cfe206e",
            "ingress": [
              {
                "cidr_blocks": [
                  "10.0.0.0/16"
                ],
                "description": "Redis access from EKS",
                "from_port": 6379,
                "ipv6_cidr_blocks": [],
                "prefix_list_ids": [],
                "protocol": "tcp",
                "security_groups": [],
                "self": false,
                "to_port": 6379
              }
            ],
            "name": "test-app-cluster-redis-sg20251019200334245400000001",
            "name_prefix": "test-app-cluster-redis-sg",
            "owner_id": "116839935550",
            "revoke_rules_on_delete": false,
            "tags": {
              "Name": "test-app-cluster-redis-sg"
            },
            "tags_all": {
              "Name": "test-app-cluster-redis-sg"
            },
            "timeouts": null,
            "vpc_id": "vpc-0904869f7d4019d18"
          },
          "sensitive_attributes": [],
          "private": "eyJlMmJmYjczMC1lY2FhLTExZTYtOGY4OC0zNDM2M2JjN2M0YzAiOnsiY3JlYXRlIjo2MDAwMDAwMDAwMDAsImRlbGV0ZSI6OTAwMDAwMDAwMDAwfSwic2NoZW1hX3ZlcnNpb24iOiIxIn0=",
          "dependencies": [
            "module.eks.module.eks.aws_cloudwatch_log_group.eks_cluster",
            "module.eks.module.eks.aws_ec2_tag.private_subnet_elb",
            "module.eks.module.eks.aws_eks_access_entry.terraform_user",
            "module.eks.module.eks.aws_eks_access_policy_association.terraform_user_admin",
            "module.eks.module.eks.aws_eks_cluster.eks_cluster",
            "module.eks.module.eks.aws_iam_instance_profile.eks_node_profile",
            "module.eks.module.eks.aws_iam_role.eks_auto_node_role",
            "module.eks.module.eks.aws_iam_role.eks_cluster_role",
            "module.eks.module.eks.aws_iam_role_policy_attachment.eks_auto_node_policies",
            "module.eks.module.eks.aws_iam_role_policy_attachment.eks_cluster_policies",
            "module.eks.module.eks.aws_kms_alias.eks_encryption_key_alias",
            "module.eks.module.eks.aws_kms_key.eks_encryption_key",
            "module.eks.module.eks.aws_security_group.eks_cp_sg",
            "module.eks.module.eks.aws_security_group.eks_node_sg",
            "module.eks.module.eks.aws_security_group_rule.cp_ingress_nodes_api",
            "module.eks.module.eks.aws_security_group_rule.cp_ingress_nodes_dns_tcp",
            "module.eks.module.eks.aws_security_group_rule.cp_ingress_nodes_dns_udp",
            "module.eks.module.eks.aws_security_group_rule.node_ingress_cp_api",
            "module.eks.module.eks.aws_security_group_rule.node_ingress_cp_dns_tcp",
            "module.eks.module.eks.aws_security_group_rule.node_ingress_cp_dns_udp",
            "module.eks.module.eks.aws_security_group_rule.node_self_ingress",
            "module.eks.module.eks.data.aws_caller_identity.current",
            "module.eks.module.eks.data.aws_iam_policy_document.eks_auto_node_assume",
            "module.eks.module.eks.data.aws_iam_policy_document.eks_cluster_assume",
            "module.eks.module.eks.data.aws_iam_session_context.current",
            "module.eks.module.eks.data.aws_region.current",
            "module.eks.null_resource.update_kubeconfig"
          ]
        }
      ]
    }
  ],
  "check_results": null
}
